
Microsoft Visual Studio Solution File, Format Version 12.00
# Visual Studio 2013
VisualStudioVersion = 12.0.21005.1
MinimumVisualStudioVersion = 10.0.40219.1
Project("{FAE04EC0-301F-11D3-BF4B-00C04F79EFBC}") = "UnityUtility", "UnityUtility\UnityUtility.csproj", "{6D6386BB-3721-4E82-B482-5A81780582F3}"
EndProject
Project("{FAE04EC0-301F-11D3-BF4B-00C04F79EFBC}") = "UnityNetwork", "UnityNetwork\UnityNetwork.csproj", "{10F6A410-5C99-4FEA-A072-7362D1679A0F}"
EndProject
Global
	GlobalSection(SolutionConfigurationPlatforms) = preSolution
		Debug|Any CPU = Debug|Any CPU
		Release|Any CPU = Release|Any CPU
	EndGlobalSection
	GlobalSection(ProjectConfigurationPlatforms) = postSolution
		{6D6386BB-3721-4E82-B482-5A81780582F3}.Debug|Any CPU.ActiveCfg = Debug|Any CPU
		{6D6386BB-3721-4E82-B482-5A81780582F3}.Debug|Any CPU.Build.0 = Debug|Any CPU
		{6D6386BB-3721-4E82-B482-5A81780582F3}.Release|Any CPU.ActiveCfg = Release|Any CPU
		{6D6386BB-3721-4E82-B482-5A81780582F3}.Release|Any CPU.Build.0 = Release|Any CPU
		{10F6A410-5C99-4FEA-A072-7362D1679A0F}.Debug|Any CPU.ActiveCfg = Debug|Any CPU
		{10F6A410-5C99-4FEA-A072-7362D1679A0F}.Debug|Any CPU.Build.0 = Debug|Any CPU
		{10F6A410-5C99-4FEA-A072-7362D1679A0F}.Release|Any CPU.ActiveCfg = Release|Any CPU
		{10F6A410-5C99-4FEA-A072-7362D1679A0F}.Release|Any CPU.Build.0 = Release|Any CPU
	EndGlobalSection
	GlobalSection(SolutionProperties) = preSolution
		HideSolutionNode = FALSE
	EndGlobalSection
EndGlobal
