<?xml version="1.0" encoding="utf-8"?>
<Project ToolsVersion="4.0" xmlns="http://schemas.microsoft.com/developer/msbuild/2003">
  <ItemGroup>
    <Filter Include="源文件">
      <UniqueIdentifier>{4FC737F1-C7A5-4376-A066-2A32D752A2FF}</UniqueIdentifier>
      <Extensions>cpp;c;cc;cxx;def;odl;idl;hpj;bat;asm;asmx</Extensions>
    </Filter>
    <Filter Include="头文件">
      <UniqueIdentifier>{93995380-89BD-4b04-88EB-625FBE52EBFB}</UniqueIdentifier>
      <Extensions>h;hh;hpp;hxx;hm;inl;inc;xsd</Extensions>
    </Filter>
    <Filter Include="资源文件">
      <UniqueIdentifier>{67DA6AB6-F800-4c08-8B7A-83BB121AAD01}</UniqueIdentifier>
      <Extensions>rc;ico;cur;bmp;dlg;rc2;rct;bin;rgs;gif;jpg;jpeg;jpe;resx;tiff;tif;png;wav;mfcribbon-ms</Extensions>
    </Filter>
    <Filter Include="头文件\message">
      <UniqueIdentifier>{9698862c-4b85-4fab-87f2-bd8ee087f9bf}</UniqueIdentifier>
    </Filter>
  </ItemGroup>
  <ItemGroup>
    <Text Include="ReadMe.txt" />
  </ItemGroup>
  <ItemGroup>
    <ClInclude Include="..\..\..\inc\GFLib\commonServer\baseDef.h">
      <Filter>头文件</Filter>
    </ClInclude>
    <ClInclude Include="..\..\..\inc\GFLib\commonServer\clientMgr.h">
      <Filter>头文件</Filter>
    </ClInclude>
    <ClInclude Include="..\..\..\inc\GFLib\commonServer\commonClient.h">
      <Filter>头文件</Filter>
    </ClInclude>
    <ClInclude Include="..\..\..\inc\GFLib\commonServer\commonServer.h">
      <Filter>头文件</Filter>
    </ClInclude>
    <ClInclude Include="..\..\..\inc\GFLib\commonServer\serverTypeMgr.h">
      <Filter>头文件</Filter>
    </ClInclude>
    <ClInclude Include="..\..\..\inc\GFLib\commonServer\service.h">
      <Filter>头文件</Filter>
    </ClInclude>
    <ClInclude Include="..\..\..\inc\GFLib\commonServer\serviceMgr.h">
      <Filter>头文件</Filter>
    </ClInclude>
    <ClInclude Include="..\..\..\inc\GFLib\commonServer\stub.h">
      <Filter>头文件</Filter>
    </ClInclude>
    <ClInclude Include="..\..\..\inc\GFLib\commonServer\stubMgr.h">
      <Filter>头文件</Filter>
    </ClInclude>
    <ClInclude Include="..\..\..\inc\GFLib\commonServer\sysChannelMgr.h">
      <Filter>头文件</Filter>
    </ClInclude>
    <ClInclude Include="..\..\..\inc\GFLib\commonServer\tracer.h">
      <Filter>头文件</Filter>
    </ClInclude>
    <ClInclude Include="..\..\..\inc\GFLib\commonServer\message\funcType.h">
      <Filter>头文件\message</Filter>
    </ClInclude>
    <ClInclude Include="..\..\..\inc\GFLib\commonServer\message\message.h">
      <Filter>头文件\message</Filter>
    </ClInclude>
    <ClInclude Include="..\..\..\inc\GFLib\commonServer\message\msgLabel.h">
      <Filter>头文件\message</Filter>
    </ClInclude>
    <ClInclude Include="..\..\..\inc\GFLib\commonServer\message\msgLocalServer.h">
      <Filter>头文件\message</Filter>
    </ClInclude>
    <ClInclude Include="..\..\..\inc\GFLib\commonServer\message\msgServerLink.h">
      <Filter>头文件\message</Filter>
    </ClInclude>
    <ClInclude Include="..\..\..\inc\GFLib\commonServer\message\msgSystemChannel.h">
      <Filter>头文件\message</Filter>
    </ClInclude>
  </ItemGroup>
  <ItemGroup>
    <ClCompile Include="..\..\..\src\GFLib\commonServer\clientMgr.cpp">
      <Filter>源文件</Filter>
    </ClCompile>
    <ClCompile Include="..\..\..\src\GFLib\commonServer\commonClient.cpp">
      <Filter>源文件</Filter>
    </ClCompile>
    <ClCompile Include="..\..\..\src\GFLib\commonServer\commonServer.cpp">
      <Filter>源文件</Filter>
    </ClCompile>
    <ClCompile Include="..\..\..\src\GFLib\commonServer\serverTypeMgr.cpp">
      <Filter>源文件</Filter>
    </ClCompile>
    <ClCompile Include="..\..\..\src\GFLib\commonServer\service.cpp">
      <Filter>源文件</Filter>
    </ClCompile>
    <ClCompile Include="..\..\..\src\GFLib\commonServer\serviceMgr.cpp">
      <Filter>源文件</Filter>
    </ClCompile>
    <ClCompile Include="..\..\..\src\GFLib\commonServer\stub.cpp">
      <Filter>源文件</Filter>
    </ClCompile>
    <ClCompile Include="..\..\..\src\GFLib\commonServer\stubMgr.cpp">
      <Filter>源文件</Filter>
    </ClCompile>
    <ClCompile Include="..\..\..\src\GFLib\commonServer\sysChannelMgr.cpp">
      <Filter>源文件</Filter>
    </ClCompile>
  </ItemGroup>
</Project>