
Microsoft Visual Studio Solution File, Format Version 12.00
# Visual Studio 2013
VisualStudioVersion = 12.0.31101.0
MinimumVisualStudioVersion = 10.0.40219.1
Project("{2150E333-8FDC-42A3-9474-1A3956D46DE8}") = "Server", "Server", "{98E3C0BA-29FB-43AA-9CC2-1047FC9CFB9B}"
EndProject
Project("{2150E333-8FDC-42A3-9474-1A3956D46DE8}") = "BSLib", "BSLib", "{38CF1AF8-6936-40FC-B094-5557BE2C6CBF}"
EndProject
Project("{2150E333-8FDC-42A3-9474-1A3956D46DE8}") = "GFLib", "GFLib", "{33CFB004-CD37-45E2-9B2A-4033045B4518}"
EndProject
Project("{2150E333-8FDC-42A3-9474-1A3956D46DE8}") = "common", "common", "{90E9D7ED-FC81-481B-9256-E7CDD50775F4}"
	ProjectSection(SolutionItems) = preProject
		..\src\Server\common\serverDef.hpp = ..\src\Server\common\serverDef.hpp
		..\src\Server\common\tracer.h = ..\src\Server\common\tracer.h
	EndProjectSection
EndProject
Project("{2150E333-8FDC-42A3-9474-1A3956D46DE8}") = "GSLib", "GSLib", "{0393E00D-DE3B-4106-A50B-CD289CCBE7D8}"
EndProject
Project("{2150E333-8FDC-42A3-9474-1A3956D46DE8}") = "common", "common", "{70407CC2-CA15-4615-8619-1FC52D5E1D74}"
	ProjectSection(SolutionItems) = preProject
		..\inc\GSLib\baseDef.h = ..\inc\GSLib\baseDef.h
		..\inc\GSLib\dbTableDef.hpp = ..\inc\GSLib\dbTableDef.hpp
		..\inc\GSLib\dbTableID.h = ..\inc\GSLib\dbTableID.h
		..\inc\GSLib\eventID.h = ..\inc\GSLib\eventID.h
		..\inc\GSLib\funType.h = ..\inc\GSLib\funType.h
		..\inc\GSLib\moduleType.h = ..\inc\GSLib\moduleType.h
		..\inc\GSLib\serverType.h = ..\inc\GSLib\serverType.h
		..\inc\GSLib\tracer.h = ..\inc\GSLib\tracer.h
		..\inc\GSLib\uniqueIDType.h = ..\inc\GSLib\uniqueIDType.h
	EndProjectSection
EndProject
Project("{8BC9CEB8-8B4A-11D0-8D11-00A0C91BC942}") = "Server", "Server\vs2008\Server.vcxproj", "{C636E48F-B5CD-4F13-9884-5D26377241A8}"
EndProject
Project("{8BC9CEB8-8B4A-11D0-8D11-00A0C91BC942}") = "LoginServer", "Server\vs2008\LoginServer.vcxproj", "{C920A94A-19B1-4ED6-A5CE-B9503988CB35}"
EndProject
Project("{8BC9CEB8-8B4A-11D0-8D11-00A0C91BC942}") = "GameServer", "Server\vs2008\GameServer.vcxproj", "{DEC3DC82-F5E1-46F0-A975-AD9ACF5BE599}"
EndProject
Project("{8BC9CEB8-8B4A-11D0-8D11-00A0C91BC942}") = "DataServer", "Server\vs2008\DataServer.vcxproj", "{0FCD772A-DB5A-455E-8B90-EA394661BC8E}"
EndProject
Project("{8BC9CEB8-8B4A-11D0-8D11-00A0C91BC942}") = "Utility", "BSLib\vs2008\Utility.vcxproj", "{86723AEA-CB85-4847-B91F-5D308FB19352}"
EndProject
Project("{8BC9CEB8-8B4A-11D0-8D11-00A0C91BC942}") = "UDM", "BSLib\vs2008\UDM.vcxproj", "{44ACF645-A664-4B67-8019-7CAE3AB4D80A}"
EndProject
Project("{8BC9CEB8-8B4A-11D0-8D11-00A0C91BC942}") = "Network", "BSLib\vs2008\Network.vcxproj", "{3C80D6D3-334F-4847-8341-0128924ACB9F}"
EndProject
Project("{8BC9CEB8-8B4A-11D0-8D11-00A0C91BC942}") = "Framework", "BSLib\vs2008\Framework.vcxproj", "{855632C2-E723-4DC3-A779-CE065EF95DA6}"
EndProject
Project("{8BC9CEB8-8B4A-11D0-8D11-00A0C91BC942}") = "Database", "BSLib\vs2008\Database.vcxproj", "{7E597F7C-E038-4B1A-94D6-F8C0B94D8466}"
EndProject
Project("{8BC9CEB8-8B4A-11D0-8D11-00A0C91BC942}") = "CommonServer", "GFLib\vs2008\CommonServer.vcxproj", "{D3D01BF9-5FF0-40A3-9DB6-8D2E5915E44B}"
EndProject
Project("{8BC9CEB8-8B4A-11D0-8D11-00A0C91BC942}") = "GateServer", "Server\vs2008\GateServer.vcxproj", "{78654354-C321-4A1B-B083-78346A640962}"
EndProject
Project("{8BC9CEB8-8B4A-11D0-8D11-00A0C91BC942}") = "CenterServer", "Server\vs2008\CenterServer.vcxproj", "{3CF56C38-6BE1-44EF-B4E6-736A45AFF716}"
EndProject
Project("{8BC9CEB8-8B4A-11D0-8D11-00A0C91BC942}") = "LoginSystem", "GSLib\vs2008\LoginSystem.vcxproj", "{B5DA53AC-71A2-425D-9CC6-7990BEF23170}"
EndProject
Project("{8BC9CEB8-8B4A-11D0-8D11-00A0C91BC942}") = "DBSystem", "GSLib\vs2008\DBSystem.vcxproj", "{338D2A5E-A9F4-47FC-B17D-E15F634A3C22}"
EndProject
Project("{8BC9CEB8-8B4A-11D0-8D11-00A0C91BC942}") = "SceneSystem", "GSLib\vs2008\SceneSystem.vcxproj", "{3BA7155A-D569-48D9-A20B-4DCEBE6FC367}"
EndProject
Project("{8BC9CEB8-8B4A-11D0-8D11-00A0C91BC942}") = "PlayerSystem", "GSLib\vs2008\PlayerSystem.vcxproj", "{1A17B84D-92E3-4873-B468-AB2B8CEC5AE8}"
EndProject
Project("{8BC9CEB8-8B4A-11D0-8D11-00A0C91BC942}") = "BehaviorTree", "BSLib\vs2008\BehaviorTree.vcxproj", "{E0678B2F-8F7F-4AB3-88DC-671C72B66AA9}"
EndProject
Project("{8BC9CEB8-8B4A-11D0-8D11-00A0C91BC942}") = "FSM", "BSLib\vs2008\FSM.vcxproj", "{EBBBC31E-2EF8-4AF4-845C-B9303E6D370F}"
EndProject
Project("{8BC9CEB8-8B4A-11D0-8D11-00A0C91BC942}") = "Math", "BSLib\vs2008\Math.vcxproj", "{4581837C-9408-4C6D-9010-EC666217A90C}"
EndProject
Project("{8BC9CEB8-8B4A-11D0-8D11-00A0C91BC942}") = "EquipSystem", "GSLib\vs2008\EquipSystem.vcxproj", "{89E39C21-8517-4BEF-8492-97AC7A62972E}"
EndProject
Project("{8BC9CEB8-8B4A-11D0-8D11-00A0C91BC942}") = "ItemSystem", "GSLib\vs2008\ItemSystem.vcxproj", "{8BDE6181-D742-4D1F-9F79-BE7CACF1091E}"
EndProject
Project("{8BC9CEB8-8B4A-11D0-8D11-00A0C91BC942}") = "NPCSystem", "GSLib\vs2008\NPCSystem.vcxproj", "{1C729A63-E6C8-4A6C-9C11-3AA73D8131B4}"
EndProject
Project("{8BC9CEB8-8B4A-11D0-8D11-00A0C91BC942}") = "PetSystem", "GSLib\vs2008\PetSystem.vcxproj", "{3BF8CC57-C5BC-409E-A4AA-9F68EBE30D69}"
EndProject
Project("{8BC9CEB8-8B4A-11D0-8D11-00A0C91BC942}") = "PrizeSystem", "GSLib\vs2008\PrizeSystem.vcxproj", "{AFECBC1B-BCB2-42AC-8896-ADBF58365B58}"
EndProject
Project("{8BC9CEB8-8B4A-11D0-8D11-00A0C91BC942}") = "SkillSystem", "GSLib\vs2008\SkillSystem.vcxproj", "{F5FF65CE-9841-4C37-873D-6E337840B255}"
EndProject
Project("{8BC9CEB8-8B4A-11D0-8D11-00A0C91BC942}") = "TaskSystem", "GSLib\vs2008\TaskSystem.vcxproj", "{BA177C29-EFB6-42AB-8489-6A3EA001445C}"
EndProject
Project("{8BC9CEB8-8B4A-11D0-8D11-00A0C91BC942}") = "ChatSystem", "GSLib\vs2008\ChatSystem.vcxproj", "{778E8F79-9F3A-480C-BD76-AECD5D2AB96C}"
EndProject
Project("{8BC9CEB8-8B4A-11D0-8D11-00A0C91BC942}") = "MailSystem", "GSLib\vs2008\MailSystem.vcxproj", "{F224B0B6-8923-46A8-AFA6-E902F68D3C39}"
EndProject
Project("{8BC9CEB8-8B4A-11D0-8D11-00A0C91BC942}") = "RankSystem", "GSLib\vs2008\RankSystem.vcxproj", "{837338C2-E9A3-4BE3-99CC-21094C79ED54}"
EndProject
Project("{8BC9CEB8-8B4A-11D0-8D11-00A0C91BC942}") = "SuperServer", "Server\vs2008\SuperServer.vcxproj", "{D54DDA33-4C49-4DC3-9042-886072FA799D}"
EndProject
Project("{8BC9CEB8-8B4A-11D0-8D11-00A0C91BC942}") = "FriendSystem", "GSLib\vs2008\FriendSystem.vcxproj", "{2BDDD04B-6714-4B75-B3D6-6092BC31C7DF}"
EndProject
Project("{8BC9CEB8-8B4A-11D0-8D11-00A0C91BC942}") = "ShopSystem", "GSLib\vs2008\ShopSystem.vcxproj", "{2A5456E8-C4CF-4C76-A3B7-0E630D46FD2F}"
EndProject
Project("{8BC9CEB8-8B4A-11D0-8D11-00A0C91BC942}") = "ActivitySystem", "GSLib\vs2008\ActivitySystem.vcxproj", "{B2DCE54B-B583-4518-AF8D-D315A179A6B7}"
EndProject
Project("{8BC9CEB8-8B4A-11D0-8D11-00A0C91BC942}") = "MasterSystem", "GSLib\vs2008\MasterSystem.vcxproj", "{9509EDF1-492C-4FB3-A856-9688E9E67073}"
EndProject
Project("{8BC9CEB8-8B4A-11D0-8D11-00A0C91BC942}") = "AchieveSystem", "GSLib\vs2008\ActieveSystem.vcxproj", "{B953370C-833B-4B6B-8D07-0B4C6BC543FC}"
EndProject
Project("{8BC9CEB8-8B4A-11D0-8D11-00A0C91BC942}") = "unittest", "Server\vs2008\unittest.vcxproj", "{942D60A4-3B13-4431-BA8C-3D3623AD698A}"
EndProject
Project("{8BC9CEB8-8B4A-11D0-8D11-00A0C91BC942}") = "test", "Server\vs2008\test.vcxproj", "{14883107-C92B-4B37-9167-6B0B436BC4E0}"
EndProject
Global
	GlobalSection(SolutionConfigurationPlatforms) = preSolution
		Debug|Mixed Platforms = Debug|Mixed Platforms
		Debug|Win32 = Debug|Win32
		Debug|x64 = Debug|x64
		Release|Mixed Platforms = Release|Mixed Platforms
		Release|Win32 = Release|Win32
		Release|x64 = Release|x64
		ReleaseD|Mixed Platforms = ReleaseD|Mixed Platforms
		ReleaseD|Win32 = ReleaseD|Win32
		ReleaseD|x64 = ReleaseD|x64
	EndGlobalSection
	GlobalSection(ProjectConfigurationPlatforms) = postSolution
		{C636E48F-B5CD-4F13-9884-5D26377241A8}.Debug|Mixed Platforms.ActiveCfg = Debug|Win32
		{C636E48F-B5CD-4F13-9884-5D26377241A8}.Debug|Mixed Platforms.Build.0 = Debug|Win32
		{C636E48F-B5CD-4F13-9884-5D26377241A8}.Debug|Win32.ActiveCfg = Debug|Win32
		{C636E48F-B5CD-4F13-9884-5D26377241A8}.Debug|Win32.Build.0 = Debug|Win32
		{C636E48F-B5CD-4F13-9884-5D26377241A8}.Debug|x64.ActiveCfg = Debug|x64
		{C636E48F-B5CD-4F13-9884-5D26377241A8}.Debug|x64.Build.0 = Debug|x64
		{C636E48F-B5CD-4F13-9884-5D26377241A8}.Release|Mixed Platforms.ActiveCfg = Release|Win32
		{C636E48F-B5CD-4F13-9884-5D26377241A8}.Release|Mixed Platforms.Build.0 = Release|Win32
		{C636E48F-B5CD-4F13-9884-5D26377241A8}.Release|Win32.ActiveCfg = Release|Win32
		{C636E48F-B5CD-4F13-9884-5D26377241A8}.Release|Win32.Build.0 = Release|Win32
		{C636E48F-B5CD-4F13-9884-5D26377241A8}.Release|x64.ActiveCfg = Release|x64
		{C636E48F-B5CD-4F13-9884-5D26377241A8}.Release|x64.Build.0 = Release|x64
		{C636E48F-B5CD-4F13-9884-5D26377241A8}.ReleaseD|Mixed Platforms.ActiveCfg = Release|Win32
		{C636E48F-B5CD-4F13-9884-5D26377241A8}.ReleaseD|Mixed Platforms.Build.0 = Release|Win32
		{C636E48F-B5CD-4F13-9884-5D26377241A8}.ReleaseD|Win32.ActiveCfg = Release|Win32
		{C636E48F-B5CD-4F13-9884-5D26377241A8}.ReleaseD|Win32.Build.0 = Release|Win32
		{C636E48F-B5CD-4F13-9884-5D26377241A8}.ReleaseD|x64.ActiveCfg = Release|x64
		{C636E48F-B5CD-4F13-9884-5D26377241A8}.ReleaseD|x64.Build.0 = Release|x64
		{C920A94A-19B1-4ED6-A5CE-B9503988CB35}.Debug|Mixed Platforms.ActiveCfg = Debug|Win32
		{C920A94A-19B1-4ED6-A5CE-B9503988CB35}.Debug|Mixed Platforms.Build.0 = Debug|Win32
		{C920A94A-19B1-4ED6-A5CE-B9503988CB35}.Debug|Win32.ActiveCfg = Debug|Win32
		{C920A94A-19B1-4ED6-A5CE-B9503988CB35}.Debug|Win32.Build.0 = Debug|Win32
		{C920A94A-19B1-4ED6-A5CE-B9503988CB35}.Debug|x64.ActiveCfg = Debug|x64
		{C920A94A-19B1-4ED6-A5CE-B9503988CB35}.Debug|x64.Build.0 = Debug|x64
		{C920A94A-19B1-4ED6-A5CE-B9503988CB35}.Release|Mixed Platforms.ActiveCfg = Release|Win32
		{C920A94A-19B1-4ED6-A5CE-B9503988CB35}.Release|Mixed Platforms.Build.0 = Release|Win32
		{C920A94A-19B1-4ED6-A5CE-B9503988CB35}.Release|Win32.ActiveCfg = Release|Win32
		{C920A94A-19B1-4ED6-A5CE-B9503988CB35}.Release|Win32.Build.0 = Release|Win32
		{C920A94A-19B1-4ED6-A5CE-B9503988CB35}.Release|x64.ActiveCfg = Release|x64
		{C920A94A-19B1-4ED6-A5CE-B9503988CB35}.Release|x64.Build.0 = Release|x64
		{C920A94A-19B1-4ED6-A5CE-B9503988CB35}.ReleaseD|Mixed Platforms.ActiveCfg = Release|Win32
		{C920A94A-19B1-4ED6-A5CE-B9503988CB35}.ReleaseD|Mixed Platforms.Build.0 = Release|Win32
		{C920A94A-19B1-4ED6-A5CE-B9503988CB35}.ReleaseD|Win32.ActiveCfg = Release|Win32
		{C920A94A-19B1-4ED6-A5CE-B9503988CB35}.ReleaseD|Win32.Build.0 = Release|Win32
		{C920A94A-19B1-4ED6-A5CE-B9503988CB35}.ReleaseD|x64.ActiveCfg = Release|x64
		{C920A94A-19B1-4ED6-A5CE-B9503988CB35}.ReleaseD|x64.Build.0 = Release|x64
		{DEC3DC82-F5E1-46F0-A975-AD9ACF5BE599}.Debug|Mixed Platforms.ActiveCfg = Debug|Win32
		{DEC3DC82-F5E1-46F0-A975-AD9ACF5BE599}.Debug|Mixed Platforms.Build.0 = Debug|Win32
		{DEC3DC82-F5E1-46F0-A975-AD9ACF5BE599}.Debug|Win32.ActiveCfg = Debug|Win32
		{DEC3DC82-F5E1-46F0-A975-AD9ACF5BE599}.Debug|Win32.Build.0 = Debug|Win32
		{DEC3DC82-F5E1-46F0-A975-AD9ACF5BE599}.Debug|x64.ActiveCfg = Debug|x64
		{DEC3DC82-F5E1-46F0-A975-AD9ACF5BE599}.Debug|x64.Build.0 = Debug|x64
		{DEC3DC82-F5E1-46F0-A975-AD9ACF5BE599}.Release|Mixed Platforms.ActiveCfg = Release|Win32
		{DEC3DC82-F5E1-46F0-A975-AD9ACF5BE599}.Release|Mixed Platforms.Build.0 = Release|Win32
		{DEC3DC82-F5E1-46F0-A975-AD9ACF5BE599}.Release|Win32.ActiveCfg = Release|Win32
		{DEC3DC82-F5E1-46F0-A975-AD9ACF5BE599}.Release|Win32.Build.0 = Release|Win32
		{DEC3DC82-F5E1-46F0-A975-AD9ACF5BE599}.Release|x64.ActiveCfg = Release|x64
		{DEC3DC82-F5E1-46F0-A975-AD9ACF5BE599}.Release|x64.Build.0 = Release|x64
		{DEC3DC82-F5E1-46F0-A975-AD9ACF5BE599}.ReleaseD|Mixed Platforms.ActiveCfg = Release|Win32
		{DEC3DC82-F5E1-46F0-A975-AD9ACF5BE599}.ReleaseD|Mixed Platforms.Build.0 = Release|Win32
		{DEC3DC82-F5E1-46F0-A975-AD9ACF5BE599}.ReleaseD|Win32.ActiveCfg = Release|Win32
		{DEC3DC82-F5E1-46F0-A975-AD9ACF5BE599}.ReleaseD|Win32.Build.0 = Release|Win32
		{DEC3DC82-F5E1-46F0-A975-AD9ACF5BE599}.ReleaseD|x64.ActiveCfg = Release|x64
		{DEC3DC82-F5E1-46F0-A975-AD9ACF5BE599}.ReleaseD|x64.Build.0 = Release|x64
		{0FCD772A-DB5A-455E-8B90-EA394661BC8E}.Debug|Mixed Platforms.ActiveCfg = Debug|Win32
		{0FCD772A-DB5A-455E-8B90-EA394661BC8E}.Debug|Mixed Platforms.Build.0 = Debug|Win32
		{0FCD772A-DB5A-455E-8B90-EA394661BC8E}.Debug|Win32.ActiveCfg = Debug|Win32
		{0FCD772A-DB5A-455E-8B90-EA394661BC8E}.Debug|Win32.Build.0 = Debug|Win32
		{0FCD772A-DB5A-455E-8B90-EA394661BC8E}.Debug|x64.ActiveCfg = Debug|x64
		{0FCD772A-DB5A-455E-8B90-EA394661BC8E}.Debug|x64.Build.0 = Debug|x64
		{0FCD772A-DB5A-455E-8B90-EA394661BC8E}.Release|Mixed Platforms.ActiveCfg = Release|Win32
		{0FCD772A-DB5A-455E-8B90-EA394661BC8E}.Release|Mixed Platforms.Build.0 = Release|Win32
		{0FCD772A-DB5A-455E-8B90-EA394661BC8E}.Release|Win32.ActiveCfg = Release|Win32
		{0FCD772A-DB5A-455E-8B90-EA394661BC8E}.Release|Win32.Build.0 = Release|Win32
		{0FCD772A-DB5A-455E-8B90-EA394661BC8E}.Release|x64.ActiveCfg = Release|x64
		{0FCD772A-DB5A-455E-8B90-EA394661BC8E}.Release|x64.Build.0 = Release|x64
		{0FCD772A-DB5A-455E-8B90-EA394661BC8E}.ReleaseD|Mixed Platforms.ActiveCfg = Release|Win32
		{0FCD772A-DB5A-455E-8B90-EA394661BC8E}.ReleaseD|Mixed Platforms.Build.0 = Release|Win32
		{0FCD772A-DB5A-455E-8B90-EA394661BC8E}.ReleaseD|Win32.ActiveCfg = Release|Win32
		{0FCD772A-DB5A-455E-8B90-EA394661BC8E}.ReleaseD|Win32.Build.0 = Release|Win32
		{0FCD772A-DB5A-455E-8B90-EA394661BC8E}.ReleaseD|x64.ActiveCfg = Release|x64
		{0FCD772A-DB5A-455E-8B90-EA394661BC8E}.ReleaseD|x64.Build.0 = Release|x64
		{86723AEA-CB85-4847-B91F-5D308FB19352}.Debug|Mixed Platforms.ActiveCfg = Debug|Win32
		{86723AEA-CB85-4847-B91F-5D308FB19352}.Debug|Mixed Platforms.Build.0 = Debug|Win32
		{86723AEA-CB85-4847-B91F-5D308FB19352}.Debug|Win32.ActiveCfg = Debug|Win32
		{86723AEA-CB85-4847-B91F-5D308FB19352}.Debug|Win32.Build.0 = Debug|Win32
		{86723AEA-CB85-4847-B91F-5D308FB19352}.Debug|x64.ActiveCfg = Debug|x64
		{86723AEA-CB85-4847-B91F-5D308FB19352}.Debug|x64.Build.0 = Debug|x64
		{86723AEA-CB85-4847-B91F-5D308FB19352}.Release|Mixed Platforms.ActiveCfg = Release|Win32
		{86723AEA-CB85-4847-B91F-5D308FB19352}.Release|Mixed Platforms.Build.0 = Release|Win32
		{86723AEA-CB85-4847-B91F-5D308FB19352}.Release|Win32.ActiveCfg = Release|Win32
		{86723AEA-CB85-4847-B91F-5D308FB19352}.Release|Win32.Build.0 = Release|Win32
		{86723AEA-CB85-4847-B91F-5D308FB19352}.Release|x64.ActiveCfg = Release|x64
		{86723AEA-CB85-4847-B91F-5D308FB19352}.Release|x64.Build.0 = Release|x64
		{86723AEA-CB85-4847-B91F-5D308FB19352}.ReleaseD|Mixed Platforms.ActiveCfg = Release|Win32
		{86723AEA-CB85-4847-B91F-5D308FB19352}.ReleaseD|Mixed Platforms.Build.0 = Release|Win32
		{86723AEA-CB85-4847-B91F-5D308FB19352}.ReleaseD|Win32.ActiveCfg = Release|Win32
		{86723AEA-CB85-4847-B91F-5D308FB19352}.ReleaseD|Win32.Build.0 = Release|Win32
		{86723AEA-CB85-4847-B91F-5D308FB19352}.ReleaseD|x64.ActiveCfg = Release|x64
		{86723AEA-CB85-4847-B91F-5D308FB19352}.ReleaseD|x64.Build.0 = Release|x64
		{44ACF645-A664-4B67-8019-7CAE3AB4D80A}.Debug|Mixed Platforms.ActiveCfg = Debug|Win32
		{44ACF645-A664-4B67-8019-7CAE3AB4D80A}.Debug|Mixed Platforms.Build.0 = Debug|Win32
		{44ACF645-A664-4B67-8019-7CAE3AB4D80A}.Debug|Win32.ActiveCfg = Debug|Win32
		{44ACF645-A664-4B67-8019-7CAE3AB4D80A}.Debug|Win32.Build.0 = Debug|Win32
		{44ACF645-A664-4B67-8019-7CAE3AB4D80A}.Debug|x64.ActiveCfg = Debug|x64
		{44ACF645-A664-4B67-8019-7CAE3AB4D80A}.Debug|x64.Build.0 = Debug|x64
		{44ACF645-A664-4B67-8019-7CAE3AB4D80A}.Release|Mixed Platforms.ActiveCfg = Release|Win32
		{44ACF645-A664-4B67-8019-7CAE3AB4D80A}.Release|Mixed Platforms.Build.0 = Release|Win32
		{44ACF645-A664-4B67-8019-7CAE3AB4D80A}.Release|Win32.ActiveCfg = Release|Win32
		{44ACF645-A664-4B67-8019-7CAE3AB4D80A}.Release|Win32.Build.0 = Release|Win32
		{44ACF645-A664-4B67-8019-7CAE3AB4D80A}.Release|x64.ActiveCfg = Release|x64
		{44ACF645-A664-4B67-8019-7CAE3AB4D80A}.Release|x64.Build.0 = Release|x64
		{44ACF645-A664-4B67-8019-7CAE3AB4D80A}.ReleaseD|Mixed Platforms.ActiveCfg = Release|Win32
		{44ACF645-A664-4B67-8019-7CAE3AB4D80A}.ReleaseD|Mixed Platforms.Build.0 = Release|Win32
		{44ACF645-A664-4B67-8019-7CAE3AB4D80A}.ReleaseD|Win32.ActiveCfg = Release|Win32
		{44ACF645-A664-4B67-8019-7CAE3AB4D80A}.ReleaseD|Win32.Build.0 = Release|Win32
		{44ACF645-A664-4B67-8019-7CAE3AB4D80A}.ReleaseD|x64.ActiveCfg = Release|x64
		{44ACF645-A664-4B67-8019-7CAE3AB4D80A}.ReleaseD|x64.Build.0 = Release|x64
		{3C80D6D3-334F-4847-8341-0128924ACB9F}.Debug|Mixed Platforms.ActiveCfg = Debug|Win32
		{3C80D6D3-334F-4847-8341-0128924ACB9F}.Debug|Mixed Platforms.Build.0 = Debug|Win32
		{3C80D6D3-334F-4847-8341-0128924ACB9F}.Debug|Win32.ActiveCfg = Debug|Win32
		{3C80D6D3-334F-4847-8341-0128924ACB9F}.Debug|Win32.Build.0 = Debug|Win32
		{3C80D6D3-334F-4847-8341-0128924ACB9F}.Debug|x64.ActiveCfg = Debug|x64
		{3C80D6D3-334F-4847-8341-0128924ACB9F}.Debug|x64.Build.0 = Debug|x64
		{3C80D6D3-334F-4847-8341-0128924ACB9F}.Release|Mixed Platforms.ActiveCfg = Release|Win32
		{3C80D6D3-334F-4847-8341-0128924ACB9F}.Release|Mixed Platforms.Build.0 = Release|Win32
		{3C80D6D3-334F-4847-8341-0128924ACB9F}.Release|Win32.ActiveCfg = Release|Win32
		{3C80D6D3-334F-4847-8341-0128924ACB9F}.Release|Win32.Build.0 = Release|Win32
		{3C80D6D3-334F-4847-8341-0128924ACB9F}.Release|x64.ActiveCfg = Release|x64
		{3C80D6D3-334F-4847-8341-0128924ACB9F}.Release|x64.Build.0 = Release|x64
		{3C80D6D3-334F-4847-8341-0128924ACB9F}.ReleaseD|Mixed Platforms.ActiveCfg = Release|Win32
		{3C80D6D3-334F-4847-8341-0128924ACB9F}.ReleaseD|Mixed Platforms.Build.0 = Release|Win32
		{3C80D6D3-334F-4847-8341-0128924ACB9F}.ReleaseD|Win32.ActiveCfg = Release|Win32
		{3C80D6D3-334F-4847-8341-0128924ACB9F}.ReleaseD|Win32.Build.0 = Release|Win32
		{3C80D6D3-334F-4847-8341-0128924ACB9F}.ReleaseD|x64.ActiveCfg = Release|x64
		{3C80D6D3-334F-4847-8341-0128924ACB9F}.ReleaseD|x64.Build.0 = Release|x64
		{855632C2-E723-4DC3-A779-CE065EF95DA6}.Debug|Mixed Platforms.ActiveCfg = Debug|Win32
		{855632C2-E723-4DC3-A779-CE065EF95DA6}.Debug|Mixed Platforms.Build.0 = Debug|Win32
		{855632C2-E723-4DC3-A779-CE065EF95DA6}.Debug|Win32.ActiveCfg = Debug|Win32
		{855632C2-E723-4DC3-A779-CE065EF95DA6}.Debug|Win32.Build.0 = Debug|Win32
		{855632C2-E723-4DC3-A779-CE065EF95DA6}.Debug|x64.ActiveCfg = Debug|x64
		{855632C2-E723-4DC3-A779-CE065EF95DA6}.Debug|x64.Build.0 = Debug|x64
		{855632C2-E723-4DC3-A779-CE065EF95DA6}.Release|Mixed Platforms.ActiveCfg = Release|Win32
		{855632C2-E723-4DC3-A779-CE065EF95DA6}.Release|Mixed Platforms.Build.0 = Release|Win32
		{855632C2-E723-4DC3-A779-CE065EF95DA6}.Release|Win32.ActiveCfg = Release|Win32
		{855632C2-E723-4DC3-A779-CE065EF95DA6}.Release|Win32.Build.0 = Release|Win32
		{855632C2-E723-4DC3-A779-CE065EF95DA6}.Release|x64.ActiveCfg = Release|x64
		{855632C2-E723-4DC3-A779-CE065EF95DA6}.Release|x64.Build.0 = Release|x64
		{855632C2-E723-4DC3-A779-CE065EF95DA6}.ReleaseD|Mixed Platforms.ActiveCfg = Release|Win32
		{855632C2-E723-4DC3-A779-CE065EF95DA6}.ReleaseD|Mixed Platforms.Build.0 = Release|Win32
		{855632C2-E723-4DC3-A779-CE065EF95DA6}.ReleaseD|Win32.ActiveCfg = Release|Win32
		{855632C2-E723-4DC3-A779-CE065EF95DA6}.ReleaseD|Win32.Build.0 = Release|Win32
		{855632C2-E723-4DC3-A779-CE065EF95DA6}.ReleaseD|x64.ActiveCfg = Release|x64
		{855632C2-E723-4DC3-A779-CE065EF95DA6}.ReleaseD|x64.Build.0 = Release|x64
		{7E597F7C-E038-4B1A-94D6-F8C0B94D8466}.Debug|Mixed Platforms.ActiveCfg = Debug|Win32
		{7E597F7C-E038-4B1A-94D6-F8C0B94D8466}.Debug|Mixed Platforms.Build.0 = Debug|Win32
		{7E597F7C-E038-4B1A-94D6-F8C0B94D8466}.Debug|Win32.ActiveCfg = Debug|Win32
		{7E597F7C-E038-4B1A-94D6-F8C0B94D8466}.Debug|Win32.Build.0 = Debug|Win32
		{7E597F7C-E038-4B1A-94D6-F8C0B94D8466}.Debug|x64.ActiveCfg = Debug|x64
		{7E597F7C-E038-4B1A-94D6-F8C0B94D8466}.Debug|x64.Build.0 = Debug|x64
		{7E597F7C-E038-4B1A-94D6-F8C0B94D8466}.Release|Mixed Platforms.ActiveCfg = Release|Win32
		{7E597F7C-E038-4B1A-94D6-F8C0B94D8466}.Release|Mixed Platforms.Build.0 = Release|Win32
		{7E597F7C-E038-4B1A-94D6-F8C0B94D8466}.Release|Win32.ActiveCfg = Release|Win32
		{7E597F7C-E038-4B1A-94D6-F8C0B94D8466}.Release|Win32.Build.0 = Release|Win32
		{7E597F7C-E038-4B1A-94D6-F8C0B94D8466}.Release|x64.ActiveCfg = Release|x64
		{7E597F7C-E038-4B1A-94D6-F8C0B94D8466}.Release|x64.Build.0 = Release|x64
		{7E597F7C-E038-4B1A-94D6-F8C0B94D8466}.ReleaseD|Mixed Platforms.ActiveCfg = Release|Win32
		{7E597F7C-E038-4B1A-94D6-F8C0B94D8466}.ReleaseD|Mixed Platforms.Build.0 = Release|Win32
		{7E597F7C-E038-4B1A-94D6-F8C0B94D8466}.ReleaseD|Win32.ActiveCfg = Release|Win32
		{7E597F7C-E038-4B1A-94D6-F8C0B94D8466}.ReleaseD|Win32.Build.0 = Release|Win32
		{7E597F7C-E038-4B1A-94D6-F8C0B94D8466}.ReleaseD|x64.ActiveCfg = Release|x64
		{7E597F7C-E038-4B1A-94D6-F8C0B94D8466}.ReleaseD|x64.Build.0 = Release|x64
		{D3D01BF9-5FF0-40A3-9DB6-8D2E5915E44B}.Debug|Mixed Platforms.ActiveCfg = Debug|Win32
		{D3D01BF9-5FF0-40A3-9DB6-8D2E5915E44B}.Debug|Mixed Platforms.Build.0 = Debug|Win32
		{D3D01BF9-5FF0-40A3-9DB6-8D2E5915E44B}.Debug|Win32.ActiveCfg = Debug|Win32
		{D3D01BF9-5FF0-40A3-9DB6-8D2E5915E44B}.Debug|Win32.Build.0 = Debug|Win32
		{D3D01BF9-5FF0-40A3-9DB6-8D2E5915E44B}.Debug|x64.ActiveCfg = Debug|x64
		{D3D01BF9-5FF0-40A3-9DB6-8D2E5915E44B}.Debug|x64.Build.0 = Debug|x64
		{D3D01BF9-5FF0-40A3-9DB6-8D2E5915E44B}.Release|Mixed Platforms.ActiveCfg = Release|Win32
		{D3D01BF9-5FF0-40A3-9DB6-8D2E5915E44B}.Release|Mixed Platforms.Build.0 = Release|Win32
		{D3D01BF9-5FF0-40A3-9DB6-8D2E5915E44B}.Release|Win32.ActiveCfg = Release|Win32
		{D3D01BF9-5FF0-40A3-9DB6-8D2E5915E44B}.Release|Win32.Build.0 = Release|Win32
		{D3D01BF9-5FF0-40A3-9DB6-8D2E5915E44B}.Release|x64.ActiveCfg = Release|x64
		{D3D01BF9-5FF0-40A3-9DB6-8D2E5915E44B}.Release|x64.Build.0 = Release|x64
		{D3D01BF9-5FF0-40A3-9DB6-8D2E5915E44B}.ReleaseD|Mixed Platforms.ActiveCfg = Release|Win32
		{D3D01BF9-5FF0-40A3-9DB6-8D2E5915E44B}.ReleaseD|Mixed Platforms.Build.0 = Release|Win32
		{D3D01BF9-5FF0-40A3-9DB6-8D2E5915E44B}.ReleaseD|Win32.ActiveCfg = Release|Win32
		{D3D01BF9-5FF0-40A3-9DB6-8D2E5915E44B}.ReleaseD|Win32.Build.0 = Release|Win32
		{D3D01BF9-5FF0-40A3-9DB6-8D2E5915E44B}.ReleaseD|x64.ActiveCfg = Release|x64
		{D3D01BF9-5FF0-40A3-9DB6-8D2E5915E44B}.ReleaseD|x64.Build.0 = Release|x64
		{78654354-C321-4A1B-B083-78346A640962}.Debug|Mixed Platforms.ActiveCfg = Debug|Win32
		{78654354-C321-4A1B-B083-78346A640962}.Debug|Mixed Platforms.Build.0 = Debug|Win32
		{78654354-C321-4A1B-B083-78346A640962}.Debug|Win32.ActiveCfg = Debug|Win32
		{78654354-C321-4A1B-B083-78346A640962}.Debug|Win32.Build.0 = Debug|Win32
		{78654354-C321-4A1B-B083-78346A640962}.Debug|x64.ActiveCfg = Debug|x64
		{78654354-C321-4A1B-B083-78346A640962}.Debug|x64.Build.0 = Debug|x64
		{78654354-C321-4A1B-B083-78346A640962}.Release|Mixed Platforms.ActiveCfg = Release|Win32
		{78654354-C321-4A1B-B083-78346A640962}.Release|Mixed Platforms.Build.0 = Release|Win32
		{78654354-C321-4A1B-B083-78346A640962}.Release|Win32.ActiveCfg = Release|Win32
		{78654354-C321-4A1B-B083-78346A640962}.Release|Win32.Build.0 = Release|Win32
		{78654354-C321-4A1B-B083-78346A640962}.Release|x64.ActiveCfg = Release|x64
		{78654354-C321-4A1B-B083-78346A640962}.Release|x64.Build.0 = Release|x64
		{78654354-C321-4A1B-B083-78346A640962}.ReleaseD|Mixed Platforms.ActiveCfg = Release|Win32
		{78654354-C321-4A1B-B083-78346A640962}.ReleaseD|Mixed Platforms.Build.0 = Release|Win32
		{78654354-C321-4A1B-B083-78346A640962}.ReleaseD|Win32.ActiveCfg = Release|Win32
		{78654354-C321-4A1B-B083-78346A640962}.ReleaseD|Win32.Build.0 = Release|Win32
		{78654354-C321-4A1B-B083-78346A640962}.ReleaseD|x64.ActiveCfg = Release|x64
		{78654354-C321-4A1B-B083-78346A640962}.ReleaseD|x64.Build.0 = Release|x64
		{3CF56C38-6BE1-44EF-B4E6-736A45AFF716}.Debug|Mixed Platforms.ActiveCfg = Debug|Win32
		{3CF56C38-6BE1-44EF-B4E6-736A45AFF716}.Debug|Mixed Platforms.Build.0 = Debug|Win32
		{3CF56C38-6BE1-44EF-B4E6-736A45AFF716}.Debug|Win32.ActiveCfg = Debug|Win32
		{3CF56C38-6BE1-44EF-B4E6-736A45AFF716}.Debug|Win32.Build.0 = Debug|Win32
		{3CF56C38-6BE1-44EF-B4E6-736A45AFF716}.Debug|x64.ActiveCfg = Debug|x64
		{3CF56C38-6BE1-44EF-B4E6-736A45AFF716}.Debug|x64.Build.0 = Debug|x64
		{3CF56C38-6BE1-44EF-B4E6-736A45AFF716}.Release|Mixed Platforms.ActiveCfg = Release|Win32
		{3CF56C38-6BE1-44EF-B4E6-736A45AFF716}.Release|Mixed Platforms.Build.0 = Release|Win32
		{3CF56C38-6BE1-44EF-B4E6-736A45AFF716}.Release|Win32.ActiveCfg = Release|Win32
		{3CF56C38-6BE1-44EF-B4E6-736A45AFF716}.Release|Win32.Build.0 = Release|Win32
		{3CF56C38-6BE1-44EF-B4E6-736A45AFF716}.Release|x64.ActiveCfg = Release|x64
		{3CF56C38-6BE1-44EF-B4E6-736A45AFF716}.Release|x64.Build.0 = Release|x64
		{3CF56C38-6BE1-44EF-B4E6-736A45AFF716}.ReleaseD|Mixed Platforms.ActiveCfg = Release|Win32
		{3CF56C38-6BE1-44EF-B4E6-736A45AFF716}.ReleaseD|Mixed Platforms.Build.0 = Release|Win32
		{3CF56C38-6BE1-44EF-B4E6-736A45AFF716}.ReleaseD|Win32.ActiveCfg = Release|Win32
		{3CF56C38-6BE1-44EF-B4E6-736A45AFF716}.ReleaseD|Win32.Build.0 = Release|Win32
		{3CF56C38-6BE1-44EF-B4E6-736A45AFF716}.ReleaseD|x64.ActiveCfg = Release|x64
		{3CF56C38-6BE1-44EF-B4E6-736A45AFF716}.ReleaseD|x64.Build.0 = Release|x64
		{B5DA53AC-71A2-425D-9CC6-7990BEF23170}.Debug|Mixed Platforms.ActiveCfg = Debug|Win32
		{B5DA53AC-71A2-425D-9CC6-7990BEF23170}.Debug|Mixed Platforms.Build.0 = Debug|Win32
		{B5DA53AC-71A2-425D-9CC6-7990BEF23170}.Debug|Win32.ActiveCfg = Debug|Win32
		{B5DA53AC-71A2-425D-9CC6-7990BEF23170}.Debug|Win32.Build.0 = Debug|Win32
		{B5DA53AC-71A2-425D-9CC6-7990BEF23170}.Debug|x64.ActiveCfg = Debug|x64
		{B5DA53AC-71A2-425D-9CC6-7990BEF23170}.Debug|x64.Build.0 = Debug|x64
		{B5DA53AC-71A2-425D-9CC6-7990BEF23170}.Release|Mixed Platforms.ActiveCfg = Release|Win32
		{B5DA53AC-71A2-425D-9CC6-7990BEF23170}.Release|Mixed Platforms.Build.0 = Release|Win32
		{B5DA53AC-71A2-425D-9CC6-7990BEF23170}.Release|Win32.ActiveCfg = Release|Win32
		{B5DA53AC-71A2-425D-9CC6-7990BEF23170}.Release|Win32.Build.0 = Release|Win32
		{B5DA53AC-71A2-425D-9CC6-7990BEF23170}.Release|x64.ActiveCfg = Release|x64
		{B5DA53AC-71A2-425D-9CC6-7990BEF23170}.Release|x64.Build.0 = Release|x64
		{B5DA53AC-71A2-425D-9CC6-7990BEF23170}.ReleaseD|Mixed Platforms.ActiveCfg = Release|Win32
		{B5DA53AC-71A2-425D-9CC6-7990BEF23170}.ReleaseD|Mixed Platforms.Build.0 = Release|Win32
		{B5DA53AC-71A2-425D-9CC6-7990BEF23170}.ReleaseD|Win32.ActiveCfg = Release|Win32
		{B5DA53AC-71A2-425D-9CC6-7990BEF23170}.ReleaseD|Win32.Build.0 = Release|Win32
		{B5DA53AC-71A2-425D-9CC6-7990BEF23170}.ReleaseD|x64.ActiveCfg = Release|x64
		{B5DA53AC-71A2-425D-9CC6-7990BEF23170}.ReleaseD|x64.Build.0 = Release|x64
		{338D2A5E-A9F4-47FC-B17D-E15F634A3C22}.Debug|Mixed Platforms.ActiveCfg = Debug|Win32
		{338D2A5E-A9F4-47FC-B17D-E15F634A3C22}.Debug|Mixed Platforms.Build.0 = Debug|Win32
		{338D2A5E-A9F4-47FC-B17D-E15F634A3C22}.Debug|Win32.ActiveCfg = Debug|Win32
		{338D2A5E-A9F4-47FC-B17D-E15F634A3C22}.Debug|Win32.Build.0 = Debug|Win32
		{338D2A5E-A9F4-47FC-B17D-E15F634A3C22}.Debug|x64.ActiveCfg = Debug|x64
		{338D2A5E-A9F4-47FC-B17D-E15F634A3C22}.Debug|x64.Build.0 = Debug|x64
		{338D2A5E-A9F4-47FC-B17D-E15F634A3C22}.Release|Mixed Platforms.ActiveCfg = Release|Win32
		{338D2A5E-A9F4-47FC-B17D-E15F634A3C22}.Release|Mixed Platforms.Build.0 = Release|Win32
		{338D2A5E-A9F4-47FC-B17D-E15F634A3C22}.Release|Win32.ActiveCfg = Release|Win32
		{338D2A5E-A9F4-47FC-B17D-E15F634A3C22}.Release|Win32.Build.0 = Release|Win32
		{338D2A5E-A9F4-47FC-B17D-E15F634A3C22}.Release|x64.ActiveCfg = Release|x64
		{338D2A5E-A9F4-47FC-B17D-E15F634A3C22}.Release|x64.Build.0 = Release|x64
		{338D2A5E-A9F4-47FC-B17D-E15F634A3C22}.ReleaseD|Mixed Platforms.ActiveCfg = Release|Win32
		{338D2A5E-A9F4-47FC-B17D-E15F634A3C22}.ReleaseD|Mixed Platforms.Build.0 = Release|Win32
		{338D2A5E-A9F4-47FC-B17D-E15F634A3C22}.ReleaseD|Win32.ActiveCfg = Release|Win32
		{338D2A5E-A9F4-47FC-B17D-E15F634A3C22}.ReleaseD|Win32.Build.0 = Release|Win32
		{338D2A5E-A9F4-47FC-B17D-E15F634A3C22}.ReleaseD|x64.ActiveCfg = Release|x64
		{338D2A5E-A9F4-47FC-B17D-E15F634A3C22}.ReleaseD|x64.Build.0 = Release|x64
		{3BA7155A-D569-48D9-A20B-4DCEBE6FC367}.Debug|Mixed Platforms.ActiveCfg = Debug|Win32
		{3BA7155A-D569-48D9-A20B-4DCEBE6FC367}.Debug|Mixed Platforms.Build.0 = Debug|Win32
		{3BA7155A-D569-48D9-A20B-4DCEBE6FC367}.Debug|Win32.ActiveCfg = Debug|Win32
		{3BA7155A-D569-48D9-A20B-4DCEBE6FC367}.Debug|Win32.Build.0 = Debug|Win32
		{3BA7155A-D569-48D9-A20B-4DCEBE6FC367}.Debug|x64.ActiveCfg = Debug|x64
		{3BA7155A-D569-48D9-A20B-4DCEBE6FC367}.Debug|x64.Build.0 = Debug|x64
		{3BA7155A-D569-48D9-A20B-4DCEBE6FC367}.Release|Mixed Platforms.ActiveCfg = Release|Win32
		{3BA7155A-D569-48D9-A20B-4DCEBE6FC367}.Release|Mixed Platforms.Build.0 = Release|Win32
		{3BA7155A-D569-48D9-A20B-4DCEBE6FC367}.Release|Win32.ActiveCfg = Release|Win32
		{3BA7155A-D569-48D9-A20B-4DCEBE6FC367}.Release|Win32.Build.0 = Release|Win32
		{3BA7155A-D569-48D9-A20B-4DCEBE6FC367}.Release|x64.ActiveCfg = Release|x64
		{3BA7155A-D569-48D9-A20B-4DCEBE6FC367}.Release|x64.Build.0 = Release|x64
		{3BA7155A-D569-48D9-A20B-4DCEBE6FC367}.ReleaseD|Mixed Platforms.ActiveCfg = Release|Win32
		{3BA7155A-D569-48D9-A20B-4DCEBE6FC367}.ReleaseD|Mixed Platforms.Build.0 = Release|Win32
		{3BA7155A-D569-48D9-A20B-4DCEBE6FC367}.ReleaseD|Win32.ActiveCfg = Release|Win32
		{3BA7155A-D569-48D9-A20B-4DCEBE6FC367}.ReleaseD|Win32.Build.0 = Release|Win32
		{3BA7155A-D569-48D9-A20B-4DCEBE6FC367}.ReleaseD|x64.ActiveCfg = Release|x64
		{3BA7155A-D569-48D9-A20B-4DCEBE6FC367}.ReleaseD|x64.Build.0 = Release|x64
		{1A17B84D-92E3-4873-B468-AB2B8CEC5AE8}.Debug|Mixed Platforms.ActiveCfg = Debug|Win32
		{1A17B84D-92E3-4873-B468-AB2B8CEC5AE8}.Debug|Mixed Platforms.Build.0 = Debug|Win32
		{1A17B84D-92E3-4873-B468-AB2B8CEC5AE8}.Debug|Win32.ActiveCfg = Debug|Win32
		{1A17B84D-92E3-4873-B468-AB2B8CEC5AE8}.Debug|Win32.Build.0 = Debug|Win32
		{1A17B84D-92E3-4873-B468-AB2B8CEC5AE8}.Debug|x64.ActiveCfg = Debug|x64
		{1A17B84D-92E3-4873-B468-AB2B8CEC5AE8}.Debug|x64.Build.0 = Debug|x64
		{1A17B84D-92E3-4873-B468-AB2B8CEC5AE8}.Release|Mixed Platforms.ActiveCfg = Release|Win32
		{1A17B84D-92E3-4873-B468-AB2B8CEC5AE8}.Release|Mixed Platforms.Build.0 = Release|Win32
		{1A17B84D-92E3-4873-B468-AB2B8CEC5AE8}.Release|Win32.ActiveCfg = Release|Win32
		{1A17B84D-92E3-4873-B468-AB2B8CEC5AE8}.Release|Win32.Build.0 = Release|Win32
		{1A17B84D-92E3-4873-B468-AB2B8CEC5AE8}.Release|x64.ActiveCfg = Release|x64
		{1A17B84D-92E3-4873-B468-AB2B8CEC5AE8}.Release|x64.Build.0 = Release|x64
		{1A17B84D-92E3-4873-B468-AB2B8CEC5AE8}.ReleaseD|Mixed Platforms.ActiveCfg = Release|Win32
		{1A17B84D-92E3-4873-B468-AB2B8CEC5AE8}.ReleaseD|Mixed Platforms.Build.0 = Release|Win32
		{1A17B84D-92E3-4873-B468-AB2B8CEC5AE8}.ReleaseD|Win32.ActiveCfg = Release|Win32
		{1A17B84D-92E3-4873-B468-AB2B8CEC5AE8}.ReleaseD|Win32.Build.0 = Release|Win32
		{1A17B84D-92E3-4873-B468-AB2B8CEC5AE8}.ReleaseD|x64.ActiveCfg = Release|x64
		{1A17B84D-92E3-4873-B468-AB2B8CEC5AE8}.ReleaseD|x64.Build.0 = Release|x64
		{E0678B2F-8F7F-4AB3-88DC-671C72B66AA9}.Debug|Mixed Platforms.ActiveCfg = Debug|Win32
		{E0678B2F-8F7F-4AB3-88DC-671C72B66AA9}.Debug|Mixed Platforms.Build.0 = Debug|Win32
		{E0678B2F-8F7F-4AB3-88DC-671C72B66AA9}.Debug|Win32.ActiveCfg = Debug|Win32
		{E0678B2F-8F7F-4AB3-88DC-671C72B66AA9}.Debug|Win32.Build.0 = Debug|Win32
		{E0678B2F-8F7F-4AB3-88DC-671C72B66AA9}.Debug|x64.ActiveCfg = Debug|x64
		{E0678B2F-8F7F-4AB3-88DC-671C72B66AA9}.Debug|x64.Build.0 = Debug|x64
		{E0678B2F-8F7F-4AB3-88DC-671C72B66AA9}.Release|Mixed Platforms.ActiveCfg = Release|Win32
		{E0678B2F-8F7F-4AB3-88DC-671C72B66AA9}.Release|Mixed Platforms.Build.0 = Release|Win32
		{E0678B2F-8F7F-4AB3-88DC-671C72B66AA9}.Release|Win32.ActiveCfg = Release|Win32
		{E0678B2F-8F7F-4AB3-88DC-671C72B66AA9}.Release|Win32.Build.0 = Release|Win32
		{E0678B2F-8F7F-4AB3-88DC-671C72B66AA9}.Release|x64.ActiveCfg = Release|x64
		{E0678B2F-8F7F-4AB3-88DC-671C72B66AA9}.Release|x64.Build.0 = Release|x64
		{E0678B2F-8F7F-4AB3-88DC-671C72B66AA9}.ReleaseD|Mixed Platforms.ActiveCfg = Release|Win32
		{E0678B2F-8F7F-4AB3-88DC-671C72B66AA9}.ReleaseD|Mixed Platforms.Build.0 = Release|Win32
		{E0678B2F-8F7F-4AB3-88DC-671C72B66AA9}.ReleaseD|Win32.ActiveCfg = Release|Win32
		{E0678B2F-8F7F-4AB3-88DC-671C72B66AA9}.ReleaseD|Win32.Build.0 = Release|Win32
		{E0678B2F-8F7F-4AB3-88DC-671C72B66AA9}.ReleaseD|x64.ActiveCfg = Release|x64
		{E0678B2F-8F7F-4AB3-88DC-671C72B66AA9}.ReleaseD|x64.Build.0 = Release|x64
		{EBBBC31E-2EF8-4AF4-845C-B9303E6D370F}.Debug|Mixed Platforms.ActiveCfg = Debug|Win32
		{EBBBC31E-2EF8-4AF4-845C-B9303E6D370F}.Debug|Mixed Platforms.Build.0 = Debug|Win32
		{EBBBC31E-2EF8-4AF4-845C-B9303E6D370F}.Debug|Win32.ActiveCfg = Debug|Win32
		{EBBBC31E-2EF8-4AF4-845C-B9303E6D370F}.Debug|Win32.Build.0 = Debug|Win32
		{EBBBC31E-2EF8-4AF4-845C-B9303E6D370F}.Debug|x64.ActiveCfg = Debug|x64
		{EBBBC31E-2EF8-4AF4-845C-B9303E6D370F}.Debug|x64.Build.0 = Debug|x64
		{EBBBC31E-2EF8-4AF4-845C-B9303E6D370F}.Release|Mixed Platforms.ActiveCfg = Release|Win32
		{EBBBC31E-2EF8-4AF4-845C-B9303E6D370F}.Release|Mixed Platforms.Build.0 = Release|Win32
		{EBBBC31E-2EF8-4AF4-845C-B9303E6D370F}.Release|Win32.ActiveCfg = Release|Win32
		{EBBBC31E-2EF8-4AF4-845C-B9303E6D370F}.Release|Win32.Build.0 = Release|Win32
		{EBBBC31E-2EF8-4AF4-845C-B9303E6D370F}.Release|x64.ActiveCfg = Release|x64
		{EBBBC31E-2EF8-4AF4-845C-B9303E6D370F}.Release|x64.Build.0 = Release|x64
		{EBBBC31E-2EF8-4AF4-845C-B9303E6D370F}.ReleaseD|Mixed Platforms.ActiveCfg = Release|Win32
		{EBBBC31E-2EF8-4AF4-845C-B9303E6D370F}.ReleaseD|Mixed Platforms.Build.0 = Release|Win32
		{EBBBC31E-2EF8-4AF4-845C-B9303E6D370F}.ReleaseD|Win32.ActiveCfg = Release|Win32
		{EBBBC31E-2EF8-4AF4-845C-B9303E6D370F}.ReleaseD|Win32.Build.0 = Release|Win32
		{EBBBC31E-2EF8-4AF4-845C-B9303E6D370F}.ReleaseD|x64.ActiveCfg = Release|x64
		{EBBBC31E-2EF8-4AF4-845C-B9303E6D370F}.ReleaseD|x64.Build.0 = Release|x64
		{4581837C-9408-4C6D-9010-EC666217A90C}.Debug|Mixed Platforms.ActiveCfg = Debug|Win32
		{4581837C-9408-4C6D-9010-EC666217A90C}.Debug|Mixed Platforms.Build.0 = Debug|Win32
		{4581837C-9408-4C6D-9010-EC666217A90C}.Debug|Win32.ActiveCfg = Debug|Win32
		{4581837C-9408-4C6D-9010-EC666217A90C}.Debug|Win32.Build.0 = Debug|Win32
		{4581837C-9408-4C6D-9010-EC666217A90C}.Debug|x64.ActiveCfg = Debug|x64
		{4581837C-9408-4C6D-9010-EC666217A90C}.Debug|x64.Build.0 = Debug|x64
		{4581837C-9408-4C6D-9010-EC666217A90C}.Release|Mixed Platforms.ActiveCfg = Release|Win32
		{4581837C-9408-4C6D-9010-EC666217A90C}.Release|Mixed Platforms.Build.0 = Release|Win32
		{4581837C-9408-4C6D-9010-EC666217A90C}.Release|Win32.ActiveCfg = Release|Win32
		{4581837C-9408-4C6D-9010-EC666217A90C}.Release|Win32.Build.0 = Release|Win32
		{4581837C-9408-4C6D-9010-EC666217A90C}.Release|x64.ActiveCfg = Release|x64
		{4581837C-9408-4C6D-9010-EC666217A90C}.Release|x64.Build.0 = Release|x64
		{4581837C-9408-4C6D-9010-EC666217A90C}.ReleaseD|Mixed Platforms.ActiveCfg = Release|Win32
		{4581837C-9408-4C6D-9010-EC666217A90C}.ReleaseD|Mixed Platforms.Build.0 = Release|Win32
		{4581837C-9408-4C6D-9010-EC666217A90C}.ReleaseD|Win32.ActiveCfg = Release|Win32
		{4581837C-9408-4C6D-9010-EC666217A90C}.ReleaseD|Win32.Build.0 = Release|Win32
		{4581837C-9408-4C6D-9010-EC666217A90C}.ReleaseD|x64.ActiveCfg = Release|x64
		{4581837C-9408-4C6D-9010-EC666217A90C}.ReleaseD|x64.Build.0 = Release|x64
		{89E39C21-8517-4BEF-8492-97AC7A62972E}.Debug|Mixed Platforms.ActiveCfg = Debug|Win32
		{89E39C21-8517-4BEF-8492-97AC7A62972E}.Debug|Mixed Platforms.Build.0 = Debug|Win32
		{89E39C21-8517-4BEF-8492-97AC7A62972E}.Debug|Win32.ActiveCfg = Debug|Win32
		{89E39C21-8517-4BEF-8492-97AC7A62972E}.Debug|Win32.Build.0 = Debug|Win32
		{89E39C21-8517-4BEF-8492-97AC7A62972E}.Debug|x64.ActiveCfg = Debug|x64
		{89E39C21-8517-4BEF-8492-97AC7A62972E}.Debug|x64.Build.0 = Debug|x64
		{89E39C21-8517-4BEF-8492-97AC7A62972E}.Release|Mixed Platforms.ActiveCfg = Release|Win32
		{89E39C21-8517-4BEF-8492-97AC7A62972E}.Release|Mixed Platforms.Build.0 = Release|Win32
		{89E39C21-8517-4BEF-8492-97AC7A62972E}.Release|Win32.ActiveCfg = Release|Win32
		{89E39C21-8517-4BEF-8492-97AC7A62972E}.Release|Win32.Build.0 = Release|Win32
		{89E39C21-8517-4BEF-8492-97AC7A62972E}.Release|x64.ActiveCfg = Release|x64
		{89E39C21-8517-4BEF-8492-97AC7A62972E}.Release|x64.Build.0 = Release|x64
		{89E39C21-8517-4BEF-8492-97AC7A62972E}.ReleaseD|Mixed Platforms.ActiveCfg = Release|Win32
		{89E39C21-8517-4BEF-8492-97AC7A62972E}.ReleaseD|Mixed Platforms.Build.0 = Release|Win32
		{89E39C21-8517-4BEF-8492-97AC7A62972E}.ReleaseD|Win32.ActiveCfg = Release|Win32
		{89E39C21-8517-4BEF-8492-97AC7A62972E}.ReleaseD|Win32.Build.0 = Release|Win32
		{89E39C21-8517-4BEF-8492-97AC7A62972E}.ReleaseD|x64.ActiveCfg = Release|x64
		{89E39C21-8517-4BEF-8492-97AC7A62972E}.ReleaseD|x64.Build.0 = Release|x64
		{8BDE6181-D742-4D1F-9F79-BE7CACF1091E}.Debug|Mixed Platforms.ActiveCfg = Debug|Win32
		{8BDE6181-D742-4D1F-9F79-BE7CACF1091E}.Debug|Mixed Platforms.Build.0 = Debug|Win32
		{8BDE6181-D742-4D1F-9F79-BE7CACF1091E}.Debug|Win32.ActiveCfg = Debug|Win32
		{8BDE6181-D742-4D1F-9F79-BE7CACF1091E}.Debug|Win32.Build.0 = Debug|Win32
		{8BDE6181-D742-4D1F-9F79-BE7CACF1091E}.Debug|x64.ActiveCfg = Debug|x64
		{8BDE6181-D742-4D1F-9F79-BE7CACF1091E}.Debug|x64.Build.0 = Debug|x64
		{8BDE6181-D742-4D1F-9F79-BE7CACF1091E}.Release|Mixed Platforms.ActiveCfg = Release|Win32
		{8BDE6181-D742-4D1F-9F79-BE7CACF1091E}.Release|Mixed Platforms.Build.0 = Release|Win32
		{8BDE6181-D742-4D1F-9F79-BE7CACF1091E}.Release|Win32.ActiveCfg = Release|Win32
		{8BDE6181-D742-4D1F-9F79-BE7CACF1091E}.Release|Win32.Build.0 = Release|Win32
		{8BDE6181-D742-4D1F-9F79-BE7CACF1091E}.Release|x64.ActiveCfg = Release|x64
		{8BDE6181-D742-4D1F-9F79-BE7CACF1091E}.Release|x64.Build.0 = Release|x64
		{8BDE6181-D742-4D1F-9F79-BE7CACF1091E}.ReleaseD|Mixed Platforms.ActiveCfg = Release|Win32
		{8BDE6181-D742-4D1F-9F79-BE7CACF1091E}.ReleaseD|Mixed Platforms.Build.0 = Release|Win32
		{8BDE6181-D742-4D1F-9F79-BE7CACF1091E}.ReleaseD|Win32.ActiveCfg = Release|Win32
		{8BDE6181-D742-4D1F-9F79-BE7CACF1091E}.ReleaseD|Win32.Build.0 = Release|Win32
		{8BDE6181-D742-4D1F-9F79-BE7CACF1091E}.ReleaseD|x64.ActiveCfg = Release|x64
		{8BDE6181-D742-4D1F-9F79-BE7CACF1091E}.ReleaseD|x64.Build.0 = Release|x64
		{1C729A63-E6C8-4A6C-9C11-3AA73D8131B4}.Debug|Mixed Platforms.ActiveCfg = Debug|Win32
		{1C729A63-E6C8-4A6C-9C11-3AA73D8131B4}.Debug|Mixed Platforms.Build.0 = Debug|Win32
		{1C729A63-E6C8-4A6C-9C11-3AA73D8131B4}.Debug|Win32.ActiveCfg = Debug|Win32
		{1C729A63-E6C8-4A6C-9C11-3AA73D8131B4}.Debug|Win32.Build.0 = Debug|Win32
		{1C729A63-E6C8-4A6C-9C11-3AA73D8131B4}.Debug|x64.ActiveCfg = Debug|x64
		{1C729A63-E6C8-4A6C-9C11-3AA73D8131B4}.Debug|x64.Build.0 = Debug|x64
		{1C729A63-E6C8-4A6C-9C11-3AA73D8131B4}.Release|Mixed Platforms.ActiveCfg = Release|Win32
		{1C729A63-E6C8-4A6C-9C11-3AA73D8131B4}.Release|Mixed Platforms.Build.0 = Release|Win32
		{1C729A63-E6C8-4A6C-9C11-3AA73D8131B4}.Release|Win32.ActiveCfg = Release|Win32
		{1C729A63-E6C8-4A6C-9C11-3AA73D8131B4}.Release|Win32.Build.0 = Release|Win32
		{1C729A63-E6C8-4A6C-9C11-3AA73D8131B4}.Release|x64.ActiveCfg = Release|x64
		{1C729A63-E6C8-4A6C-9C11-3AA73D8131B4}.Release|x64.Build.0 = Release|x64
		{1C729A63-E6C8-4A6C-9C11-3AA73D8131B4}.ReleaseD|Mixed Platforms.ActiveCfg = Release|Win32
		{1C729A63-E6C8-4A6C-9C11-3AA73D8131B4}.ReleaseD|Mixed Platforms.Build.0 = Release|Win32
		{1C729A63-E6C8-4A6C-9C11-3AA73D8131B4}.ReleaseD|Win32.ActiveCfg = Release|Win32
		{1C729A63-E6C8-4A6C-9C11-3AA73D8131B4}.ReleaseD|Win32.Build.0 = Release|Win32
		{1C729A63-E6C8-4A6C-9C11-3AA73D8131B4}.ReleaseD|x64.ActiveCfg = Release|x64
		{1C729A63-E6C8-4A6C-9C11-3AA73D8131B4}.ReleaseD|x64.Build.0 = Release|x64
		{3BF8CC57-C5BC-409E-A4AA-9F68EBE30D69}.Debug|Mixed Platforms.ActiveCfg = Debug|Win32
		{3BF8CC57-C5BC-409E-A4AA-9F68EBE30D69}.Debug|Mixed Platforms.Build.0 = Debug|Win32
		{3BF8CC57-C5BC-409E-A4AA-9F68EBE30D69}.Debug|Win32.ActiveCfg = Debug|Win32
		{3BF8CC57-C5BC-409E-A4AA-9F68EBE30D69}.Debug|Win32.Build.0 = Debug|Win32
		{3BF8CC57-C5BC-409E-A4AA-9F68EBE30D69}.Debug|x64.ActiveCfg = Debug|x64
		{3BF8CC57-C5BC-409E-A4AA-9F68EBE30D69}.Debug|x64.Build.0 = Debug|x64
		{3BF8CC57-C5BC-409E-A4AA-9F68EBE30D69}.Release|Mixed Platforms.ActiveCfg = Release|Win32
		{3BF8CC57-C5BC-409E-A4AA-9F68EBE30D69}.Release|Mixed Platforms.Build.0 = Release|Win32
		{3BF8CC57-C5BC-409E-A4AA-9F68EBE30D69}.Release|Win32.ActiveCfg = Release|Win32
		{3BF8CC57-C5BC-409E-A4AA-9F68EBE30D69}.Release|Win32.Build.0 = Release|Win32
		{3BF8CC57-C5BC-409E-A4AA-9F68EBE30D69}.Release|x64.ActiveCfg = Release|x64
		{3BF8CC57-C5BC-409E-A4AA-9F68EBE30D69}.Release|x64.Build.0 = Release|x64
		{3BF8CC57-C5BC-409E-A4AA-9F68EBE30D69}.ReleaseD|Mixed Platforms.ActiveCfg = Release|Win32
		{3BF8CC57-C5BC-409E-A4AA-9F68EBE30D69}.ReleaseD|Mixed Platforms.Build.0 = Release|Win32
		{3BF8CC57-C5BC-409E-A4AA-9F68EBE30D69}.ReleaseD|Win32.ActiveCfg = Release|Win32
		{3BF8CC57-C5BC-409E-A4AA-9F68EBE30D69}.ReleaseD|Win32.Build.0 = Release|Win32
		{3BF8CC57-C5BC-409E-A4AA-9F68EBE30D69}.ReleaseD|x64.ActiveCfg = Release|x64
		{3BF8CC57-C5BC-409E-A4AA-9F68EBE30D69}.ReleaseD|x64.Build.0 = Release|x64
		{AFECBC1B-BCB2-42AC-8896-ADBF58365B58}.Debug|Mixed Platforms.ActiveCfg = Debug|Win32
		{AFECBC1B-BCB2-42AC-8896-ADBF58365B58}.Debug|Mixed Platforms.Build.0 = Debug|Win32
		{AFECBC1B-BCB2-42AC-8896-ADBF58365B58}.Debug|Win32.ActiveCfg = Debug|Win32
		{AFECBC1B-BCB2-42AC-8896-ADBF58365B58}.Debug|Win32.Build.0 = Debug|Win32
		{AFECBC1B-BCB2-42AC-8896-ADBF58365B58}.Debug|x64.ActiveCfg = Debug|x64
		{AFECBC1B-BCB2-42AC-8896-ADBF58365B58}.Debug|x64.Build.0 = Debug|x64
		{AFECBC1B-BCB2-42AC-8896-ADBF58365B58}.Release|Mixed Platforms.ActiveCfg = Release|Win32
		{AFECBC1B-BCB2-42AC-8896-ADBF58365B58}.Release|Mixed Platforms.Build.0 = Release|Win32
		{AFECBC1B-BCB2-42AC-8896-ADBF58365B58}.Release|Win32.ActiveCfg = Release|Win32
		{AFECBC1B-BCB2-42AC-8896-ADBF58365B58}.Release|Win32.Build.0 = Release|Win32
		{AFECBC1B-BCB2-42AC-8896-ADBF58365B58}.Release|x64.ActiveCfg = Release|x64
		{AFECBC1B-BCB2-42AC-8896-ADBF58365B58}.Release|x64.Build.0 = Release|x64
		{AFECBC1B-BCB2-42AC-8896-ADBF58365B58}.ReleaseD|Mixed Platforms.ActiveCfg = Release|Win32
		{AFECBC1B-BCB2-42AC-8896-ADBF58365B58}.ReleaseD|Mixed Platforms.Build.0 = Release|Win32
		{AFECBC1B-BCB2-42AC-8896-ADBF58365B58}.ReleaseD|Win32.ActiveCfg = Release|Win32
		{AFECBC1B-BCB2-42AC-8896-ADBF58365B58}.ReleaseD|Win32.Build.0 = Release|Win32
		{AFECBC1B-BCB2-42AC-8896-ADBF58365B58}.ReleaseD|x64.ActiveCfg = Release|x64
		{AFECBC1B-BCB2-42AC-8896-ADBF58365B58}.ReleaseD|x64.Build.0 = Release|x64
		{F5FF65CE-9841-4C37-873D-6E337840B255}.Debug|Mixed Platforms.ActiveCfg = Debug|Win32
		{F5FF65CE-9841-4C37-873D-6E337840B255}.Debug|Mixed Platforms.Build.0 = Debug|Win32
		{F5FF65CE-9841-4C37-873D-6E337840B255}.Debug|Win32.ActiveCfg = Debug|Win32
		{F5FF65CE-9841-4C37-873D-6E337840B255}.Debug|Win32.Build.0 = Debug|Win32
		{F5FF65CE-9841-4C37-873D-6E337840B255}.Debug|x64.ActiveCfg = Debug|x64
		{F5FF65CE-9841-4C37-873D-6E337840B255}.Debug|x64.Build.0 = Debug|x64
		{F5FF65CE-9841-4C37-873D-6E337840B255}.Release|Mixed Platforms.ActiveCfg = Release|Win32
		{F5FF65CE-9841-4C37-873D-6E337840B255}.Release|Mixed Platforms.Build.0 = Release|Win32
		{F5FF65CE-9841-4C37-873D-6E337840B255}.Release|Win32.ActiveCfg = Release|Win32
		{F5FF65CE-9841-4C37-873D-6E337840B255}.Release|Win32.Build.0 = Release|Win32
		{F5FF65CE-9841-4C37-873D-6E337840B255}.Release|x64.ActiveCfg = Release|x64
		{F5FF65CE-9841-4C37-873D-6E337840B255}.Release|x64.Build.0 = Release|x64
		{F5FF65CE-9841-4C37-873D-6E337840B255}.ReleaseD|Mixed Platforms.ActiveCfg = Release|Win32
		{F5FF65CE-9841-4C37-873D-6E337840B255}.ReleaseD|Mixed Platforms.Build.0 = Release|Win32
		{F5FF65CE-9841-4C37-873D-6E337840B255}.ReleaseD|Win32.ActiveCfg = Release|Win32
		{F5FF65CE-9841-4C37-873D-6E337840B255}.ReleaseD|Win32.Build.0 = Release|Win32
		{F5FF65CE-9841-4C37-873D-6E337840B255}.ReleaseD|x64.ActiveCfg = Release|x64
		{F5FF65CE-9841-4C37-873D-6E337840B255}.ReleaseD|x64.Build.0 = Release|x64
		{BA177C29-EFB6-42AB-8489-6A3EA001445C}.Debug|Mixed Platforms.ActiveCfg = Debug|Win32
		{BA177C29-EFB6-42AB-8489-6A3EA001445C}.Debug|Mixed Platforms.Build.0 = Debug|Win32
		{BA177C29-EFB6-42AB-8489-6A3EA001445C}.Debug|Win32.ActiveCfg = Debug|Win32
		{BA177C29-EFB6-42AB-8489-6A3EA001445C}.Debug|Win32.Build.0 = Debug|Win32
		{BA177C29-EFB6-42AB-8489-6A3EA001445C}.Debug|x64.ActiveCfg = Debug|x64
		{BA177C29-EFB6-42AB-8489-6A3EA001445C}.Debug|x64.Build.0 = Debug|x64
		{BA177C29-EFB6-42AB-8489-6A3EA001445C}.Release|Mixed Platforms.ActiveCfg = Release|Win32
		{BA177C29-EFB6-42AB-8489-6A3EA001445C}.Release|Mixed Platforms.Build.0 = Release|Win32
		{BA177C29-EFB6-42AB-8489-6A3EA001445C}.Release|Win32.ActiveCfg = Release|Win32
		{BA177C29-EFB6-42AB-8489-6A3EA001445C}.Release|Win32.Build.0 = Release|Win32
		{BA177C29-EFB6-42AB-8489-6A3EA001445C}.Release|x64.ActiveCfg = Release|x64
		{BA177C29-EFB6-42AB-8489-6A3EA001445C}.Release|x64.Build.0 = Release|x64
		{BA177C29-EFB6-42AB-8489-6A3EA001445C}.ReleaseD|Mixed Platforms.ActiveCfg = Release|Win32
		{BA177C29-EFB6-42AB-8489-6A3EA001445C}.ReleaseD|Mixed Platforms.Build.0 = Release|Win32
		{BA177C29-EFB6-42AB-8489-6A3EA001445C}.ReleaseD|Win32.ActiveCfg = Release|Win32
		{BA177C29-EFB6-42AB-8489-6A3EA001445C}.ReleaseD|Win32.Build.0 = Release|Win32
		{BA177C29-EFB6-42AB-8489-6A3EA001445C}.ReleaseD|x64.ActiveCfg = Release|x64
		{BA177C29-EFB6-42AB-8489-6A3EA001445C}.ReleaseD|x64.Build.0 = Release|x64
		{778E8F79-9F3A-480C-BD76-AECD5D2AB96C}.Debug|Mixed Platforms.ActiveCfg = Debug|Win32
		{778E8F79-9F3A-480C-BD76-AECD5D2AB96C}.Debug|Mixed Platforms.Build.0 = Debug|Win32
		{778E8F79-9F3A-480C-BD76-AECD5D2AB96C}.Debug|Win32.ActiveCfg = Debug|Win32
		{778E8F79-9F3A-480C-BD76-AECD5D2AB96C}.Debug|Win32.Build.0 = Debug|Win32
		{778E8F79-9F3A-480C-BD76-AECD5D2AB96C}.Debug|x64.ActiveCfg = Debug|x64
		{778E8F79-9F3A-480C-BD76-AECD5D2AB96C}.Debug|x64.Build.0 = Debug|x64
		{778E8F79-9F3A-480C-BD76-AECD5D2AB96C}.Release|Mixed Platforms.ActiveCfg = Release|Win32
		{778E8F79-9F3A-480C-BD76-AECD5D2AB96C}.Release|Mixed Platforms.Build.0 = Release|Win32
		{778E8F79-9F3A-480C-BD76-AECD5D2AB96C}.Release|Win32.ActiveCfg = Release|Win32
		{778E8F79-9F3A-480C-BD76-AECD5D2AB96C}.Release|Win32.Build.0 = Release|Win32
		{778E8F79-9F3A-480C-BD76-AECD5D2AB96C}.Release|x64.ActiveCfg = Release|x64
		{778E8F79-9F3A-480C-BD76-AECD5D2AB96C}.Release|x64.Build.0 = Release|x64
		{778E8F79-9F3A-480C-BD76-AECD5D2AB96C}.ReleaseD|Mixed Platforms.ActiveCfg = Release|Win32
		{778E8F79-9F3A-480C-BD76-AECD5D2AB96C}.ReleaseD|Mixed Platforms.Build.0 = Release|Win32
		{778E8F79-9F3A-480C-BD76-AECD5D2AB96C}.ReleaseD|Win32.ActiveCfg = Release|Win32
		{778E8F79-9F3A-480C-BD76-AECD5D2AB96C}.ReleaseD|Win32.Build.0 = Release|Win32
		{778E8F79-9F3A-480C-BD76-AECD5D2AB96C}.ReleaseD|x64.ActiveCfg = Release|x64
		{778E8F79-9F3A-480C-BD76-AECD5D2AB96C}.ReleaseD|x64.Build.0 = Release|x64
		{F224B0B6-8923-46A8-AFA6-E902F68D3C39}.Debug|Mixed Platforms.ActiveCfg = Debug|Win32
		{F224B0B6-8923-46A8-AFA6-E902F68D3C39}.Debug|Mixed Platforms.Build.0 = Debug|Win32
		{F224B0B6-8923-46A8-AFA6-E902F68D3C39}.Debug|Win32.ActiveCfg = Debug|Win32
		{F224B0B6-8923-46A8-AFA6-E902F68D3C39}.Debug|Win32.Build.0 = Debug|Win32
		{F224B0B6-8923-46A8-AFA6-E902F68D3C39}.Debug|x64.ActiveCfg = Debug|x64
		{F224B0B6-8923-46A8-AFA6-E902F68D3C39}.Debug|x64.Build.0 = Debug|x64
		{F224B0B6-8923-46A8-AFA6-E902F68D3C39}.Release|Mixed Platforms.ActiveCfg = Release|Win32
		{F224B0B6-8923-46A8-AFA6-E902F68D3C39}.Release|Mixed Platforms.Build.0 = Release|Win32
		{F224B0B6-8923-46A8-AFA6-E902F68D3C39}.Release|Win32.ActiveCfg = Release|Win32
		{F224B0B6-8923-46A8-AFA6-E902F68D3C39}.Release|Win32.Build.0 = Release|Win32
		{F224B0B6-8923-46A8-AFA6-E902F68D3C39}.Release|x64.ActiveCfg = Release|x64
		{F224B0B6-8923-46A8-AFA6-E902F68D3C39}.Release|x64.Build.0 = Release|x64
		{F224B0B6-8923-46A8-AFA6-E902F68D3C39}.ReleaseD|Mixed Platforms.ActiveCfg = Release|Win32
		{F224B0B6-8923-46A8-AFA6-E902F68D3C39}.ReleaseD|Mixed Platforms.Build.0 = Release|Win32
		{F224B0B6-8923-46A8-AFA6-E902F68D3C39}.ReleaseD|Win32.ActiveCfg = Release|Win32
		{F224B0B6-8923-46A8-AFA6-E902F68D3C39}.ReleaseD|Win32.Build.0 = Release|Win32
		{F224B0B6-8923-46A8-AFA6-E902F68D3C39}.ReleaseD|x64.ActiveCfg = Release|x64
		{F224B0B6-8923-46A8-AFA6-E902F68D3C39}.ReleaseD|x64.Build.0 = Release|x64
		{837338C2-E9A3-4BE3-99CC-21094C79ED54}.Debug|Mixed Platforms.ActiveCfg = Debug|Win32
		{837338C2-E9A3-4BE3-99CC-21094C79ED54}.Debug|Mixed Platforms.Build.0 = Debug|Win32
		{837338C2-E9A3-4BE3-99CC-21094C79ED54}.Debug|Win32.ActiveCfg = Debug|Win32
		{837338C2-E9A3-4BE3-99CC-21094C79ED54}.Debug|Win32.Build.0 = Debug|Win32
		{837338C2-E9A3-4BE3-99CC-21094C79ED54}.Debug|x64.ActiveCfg = Debug|x64
		{837338C2-E9A3-4BE3-99CC-21094C79ED54}.Debug|x64.Build.0 = Debug|x64
		{837338C2-E9A3-4BE3-99CC-21094C79ED54}.Release|Mixed Platforms.ActiveCfg = Release|Win32
		{837338C2-E9A3-4BE3-99CC-21094C79ED54}.Release|Mixed Platforms.Build.0 = Release|Win32
		{837338C2-E9A3-4BE3-99CC-21094C79ED54}.Release|Win32.ActiveCfg = Release|Win32
		{837338C2-E9A3-4BE3-99CC-21094C79ED54}.Release|Win32.Build.0 = Release|Win32
		{837338C2-E9A3-4BE3-99CC-21094C79ED54}.Release|x64.ActiveCfg = Release|x64
		{837338C2-E9A3-4BE3-99CC-21094C79ED54}.Release|x64.Build.0 = Release|x64
		{837338C2-E9A3-4BE3-99CC-21094C79ED54}.ReleaseD|Mixed Platforms.ActiveCfg = Release|Win32
		{837338C2-E9A3-4BE3-99CC-21094C79ED54}.ReleaseD|Mixed Platforms.Build.0 = Release|Win32
		{837338C2-E9A3-4BE3-99CC-21094C79ED54}.ReleaseD|Win32.ActiveCfg = Release|Win32
		{837338C2-E9A3-4BE3-99CC-21094C79ED54}.ReleaseD|Win32.Build.0 = Release|Win32
		{837338C2-E9A3-4BE3-99CC-21094C79ED54}.ReleaseD|x64.ActiveCfg = Release|x64
		{837338C2-E9A3-4BE3-99CC-21094C79ED54}.ReleaseD|x64.Build.0 = Release|x64
		{D54DDA33-4C49-4DC3-9042-886072FA799D}.Debug|Mixed Platforms.ActiveCfg = Debug|Win32
		{D54DDA33-4C49-4DC3-9042-886072FA799D}.Debug|Mixed Platforms.Build.0 = Debug|Win32
		{D54DDA33-4C49-4DC3-9042-886072FA799D}.Debug|Win32.ActiveCfg = Debug|Win32
		{D54DDA33-4C49-4DC3-9042-886072FA799D}.Debug|Win32.Build.0 = Debug|Win32
		{D54DDA33-4C49-4DC3-9042-886072FA799D}.Debug|x64.ActiveCfg = Debug|x64
		{D54DDA33-4C49-4DC3-9042-886072FA799D}.Debug|x64.Build.0 = Debug|x64
		{D54DDA33-4C49-4DC3-9042-886072FA799D}.Release|Mixed Platforms.ActiveCfg = Release|Win32
		{D54DDA33-4C49-4DC3-9042-886072FA799D}.Release|Mixed Platforms.Build.0 = Release|Win32
		{D54DDA33-4C49-4DC3-9042-886072FA799D}.Release|Win32.ActiveCfg = Release|Win32
		{D54DDA33-4C49-4DC3-9042-886072FA799D}.Release|Win32.Build.0 = Release|Win32
		{D54DDA33-4C49-4DC3-9042-886072FA799D}.Release|x64.ActiveCfg = Release|x64
		{D54DDA33-4C49-4DC3-9042-886072FA799D}.Release|x64.Build.0 = Release|x64
		{D54DDA33-4C49-4DC3-9042-886072FA799D}.ReleaseD|Mixed Platforms.ActiveCfg = Release|Win32
		{D54DDA33-4C49-4DC3-9042-886072FA799D}.ReleaseD|Mixed Platforms.Build.0 = Release|Win32
		{D54DDA33-4C49-4DC3-9042-886072FA799D}.ReleaseD|Win32.ActiveCfg = Release|Win32
		{D54DDA33-4C49-4DC3-9042-886072FA799D}.ReleaseD|Win32.Build.0 = Release|Win32
		{D54DDA33-4C49-4DC3-9042-886072FA799D}.ReleaseD|x64.ActiveCfg = Release|x64
		{D54DDA33-4C49-4DC3-9042-886072FA799D}.ReleaseD|x64.Build.0 = Release|x64
		{2BDDD04B-6714-4B75-B3D6-6092BC31C7DF}.Debug|Mixed Platforms.ActiveCfg = Debug|Win32
		{2BDDD04B-6714-4B75-B3D6-6092BC31C7DF}.Debug|Mixed Platforms.Build.0 = Debug|Win32
		{2BDDD04B-6714-4B75-B3D6-6092BC31C7DF}.Debug|Win32.ActiveCfg = Debug|Win32
		{2BDDD04B-6714-4B75-B3D6-6092BC31C7DF}.Debug|Win32.Build.0 = Debug|Win32
		{2BDDD04B-6714-4B75-B3D6-6092BC31C7DF}.Debug|x64.ActiveCfg = Debug|x64
		{2BDDD04B-6714-4B75-B3D6-6092BC31C7DF}.Debug|x64.Build.0 = Debug|x64
		{2BDDD04B-6714-4B75-B3D6-6092BC31C7DF}.Release|Mixed Platforms.ActiveCfg = Release|Win32
		{2BDDD04B-6714-4B75-B3D6-6092BC31C7DF}.Release|Mixed Platforms.Build.0 = Release|Win32
		{2BDDD04B-6714-4B75-B3D6-6092BC31C7DF}.Release|Win32.ActiveCfg = Release|Win32
		{2BDDD04B-6714-4B75-B3D6-6092BC31C7DF}.Release|Win32.Build.0 = Release|Win32
		{2BDDD04B-6714-4B75-B3D6-6092BC31C7DF}.Release|x64.ActiveCfg = Release|x64
		{2BDDD04B-6714-4B75-B3D6-6092BC31C7DF}.Release|x64.Build.0 = Release|x64
		{2BDDD04B-6714-4B75-B3D6-6092BC31C7DF}.ReleaseD|Mixed Platforms.ActiveCfg = Release|Win32
		{2BDDD04B-6714-4B75-B3D6-6092BC31C7DF}.ReleaseD|Mixed Platforms.Build.0 = Release|Win32
		{2BDDD04B-6714-4B75-B3D6-6092BC31C7DF}.ReleaseD|Win32.ActiveCfg = Release|Win32
		{2BDDD04B-6714-4B75-B3D6-6092BC31C7DF}.ReleaseD|Win32.Build.0 = Release|Win32
		{2BDDD04B-6714-4B75-B3D6-6092BC31C7DF}.ReleaseD|x64.ActiveCfg = Release|x64
		{2BDDD04B-6714-4B75-B3D6-6092BC31C7DF}.ReleaseD|x64.Build.0 = Release|x64
		{2A5456E8-C4CF-4C76-A3B7-0E630D46FD2F}.Debug|Mixed Platforms.ActiveCfg = Debug|Win32
		{2A5456E8-C4CF-4C76-A3B7-0E630D46FD2F}.Debug|Mixed Platforms.Build.0 = Debug|Win32
		{2A5456E8-C4CF-4C76-A3B7-0E630D46FD2F}.Debug|Win32.ActiveCfg = Debug|Win32
		{2A5456E8-C4CF-4C76-A3B7-0E630D46FD2F}.Debug|Win32.Build.0 = Debug|Win32
		{2A5456E8-C4CF-4C76-A3B7-0E630D46FD2F}.Debug|x64.ActiveCfg = Debug|x64
		{2A5456E8-C4CF-4C76-A3B7-0E630D46FD2F}.Debug|x64.Build.0 = Debug|x64
		{2A5456E8-C4CF-4C76-A3B7-0E630D46FD2F}.Release|Mixed Platforms.ActiveCfg = Release|Win32
		{2A5456E8-C4CF-4C76-A3B7-0E630D46FD2F}.Release|Mixed Platforms.Build.0 = Release|Win32
		{2A5456E8-C4CF-4C76-A3B7-0E630D46FD2F}.Release|Win32.ActiveCfg = Release|Win32
		{2A5456E8-C4CF-4C76-A3B7-0E630D46FD2F}.Release|Win32.Build.0 = Release|Win32
		{2A5456E8-C4CF-4C76-A3B7-0E630D46FD2F}.Release|x64.ActiveCfg = Release|x64
		{2A5456E8-C4CF-4C76-A3B7-0E630D46FD2F}.Release|x64.Build.0 = Release|x64
		{2A5456E8-C4CF-4C76-A3B7-0E630D46FD2F}.ReleaseD|Mixed Platforms.ActiveCfg = Release|Win32
		{2A5456E8-C4CF-4C76-A3B7-0E630D46FD2F}.ReleaseD|Mixed Platforms.Build.0 = Release|Win32
		{2A5456E8-C4CF-4C76-A3B7-0E630D46FD2F}.ReleaseD|Win32.ActiveCfg = Release|Win32
		{2A5456E8-C4CF-4C76-A3B7-0E630D46FD2F}.ReleaseD|Win32.Build.0 = Release|Win32
		{2A5456E8-C4CF-4C76-A3B7-0E630D46FD2F}.ReleaseD|x64.ActiveCfg = Release|x64
		{2A5456E8-C4CF-4C76-A3B7-0E630D46FD2F}.ReleaseD|x64.Build.0 = Release|x64
		{B2DCE54B-B583-4518-AF8D-D315A179A6B7}.Debug|Mixed Platforms.ActiveCfg = Debug|Win32
		{B2DCE54B-B583-4518-AF8D-D315A179A6B7}.Debug|Mixed Platforms.Build.0 = Debug|Win32
		{B2DCE54B-B583-4518-AF8D-D315A179A6B7}.Debug|Win32.ActiveCfg = Debug|Win32
		{B2DCE54B-B583-4518-AF8D-D315A179A6B7}.Debug|Win32.Build.0 = Debug|Win32
		{B2DCE54B-B583-4518-AF8D-D315A179A6B7}.Debug|x64.ActiveCfg = Debug|x64
		{B2DCE54B-B583-4518-AF8D-D315A179A6B7}.Debug|x64.Build.0 = Debug|x64
		{B2DCE54B-B583-4518-AF8D-D315A179A6B7}.Release|Mixed Platforms.ActiveCfg = Release|Win32
		{B2DCE54B-B583-4518-AF8D-D315A179A6B7}.Release|Mixed Platforms.Build.0 = Release|Win32
		{B2DCE54B-B583-4518-AF8D-D315A179A6B7}.Release|Win32.ActiveCfg = Release|Win32
		{B2DCE54B-B583-4518-AF8D-D315A179A6B7}.Release|Win32.Build.0 = Release|Win32
		{B2DCE54B-B583-4518-AF8D-D315A179A6B7}.Release|x64.ActiveCfg = Release|x64
		{B2DCE54B-B583-4518-AF8D-D315A179A6B7}.Release|x64.Build.0 = Release|x64
		{B2DCE54B-B583-4518-AF8D-D315A179A6B7}.ReleaseD|Mixed Platforms.ActiveCfg = Release|Win32
		{B2DCE54B-B583-4518-AF8D-D315A179A6B7}.ReleaseD|Mixed Platforms.Build.0 = Release|Win32
		{B2DCE54B-B583-4518-AF8D-D315A179A6B7}.ReleaseD|Win32.ActiveCfg = Release|Win32
		{B2DCE54B-B583-4518-AF8D-D315A179A6B7}.ReleaseD|Win32.Build.0 = Release|Win32
		{B2DCE54B-B583-4518-AF8D-D315A179A6B7}.ReleaseD|x64.ActiveCfg = Release|x64
		{B2DCE54B-B583-4518-AF8D-D315A179A6B7}.ReleaseD|x64.Build.0 = Release|x64
		{9509EDF1-492C-4FB3-A856-9688E9E67073}.Debug|Mixed Platforms.ActiveCfg = Debug|Win32
		{9509EDF1-492C-4FB3-A856-9688E9E67073}.Debug|Mixed Platforms.Build.0 = Debug|Win32
		{9509EDF1-492C-4FB3-A856-9688E9E67073}.Debug|Win32.ActiveCfg = Debug|Win32
		{9509EDF1-492C-4FB3-A856-9688E9E67073}.Debug|Win32.Build.0 = Debug|Win32
		{9509EDF1-492C-4FB3-A856-9688E9E67073}.Debug|x64.ActiveCfg = Debug|x64
		{9509EDF1-492C-4FB3-A856-9688E9E67073}.Debug|x64.Build.0 = Debug|x64
		{9509EDF1-492C-4FB3-A856-9688E9E67073}.Release|Mixed Platforms.ActiveCfg = Release|Win32
		{9509EDF1-492C-4FB3-A856-9688E9E67073}.Release|Mixed Platforms.Build.0 = Release|Win32
		{9509EDF1-492C-4FB3-A856-9688E9E67073}.Release|Win32.ActiveCfg = Release|Win32
		{9509EDF1-492C-4FB3-A856-9688E9E67073}.Release|Win32.Build.0 = Release|Win32
		{9509EDF1-492C-4FB3-A856-9688E9E67073}.Release|x64.ActiveCfg = Release|x64
		{9509EDF1-492C-4FB3-A856-9688E9E67073}.Release|x64.Build.0 = Release|x64
		{9509EDF1-492C-4FB3-A856-9688E9E67073}.ReleaseD|Mixed Platforms.ActiveCfg = Release|Win32
		{9509EDF1-492C-4FB3-A856-9688E9E67073}.ReleaseD|Mixed Platforms.Build.0 = Release|Win32
		{9509EDF1-492C-4FB3-A856-9688E9E67073}.ReleaseD|Win32.ActiveCfg = Release|Win32
		{9509EDF1-492C-4FB3-A856-9688E9E67073}.ReleaseD|Win32.Build.0 = Release|Win32
		{9509EDF1-492C-4FB3-A856-9688E9E67073}.ReleaseD|x64.ActiveCfg = Release|x64
		{9509EDF1-492C-4FB3-A856-9688E9E67073}.ReleaseD|x64.Build.0 = Release|x64
		{B953370C-833B-4B6B-8D07-0B4C6BC543FC}.Debug|Mixed Platforms.ActiveCfg = Debug|Win32
		{B953370C-833B-4B6B-8D07-0B4C6BC543FC}.Debug|Mixed Platforms.Build.0 = Debug|Win32
		{B953370C-833B-4B6B-8D07-0B4C6BC543FC}.Debug|Win32.ActiveCfg = Debug|Win32
		{B953370C-833B-4B6B-8D07-0B4C6BC543FC}.Debug|Win32.Build.0 = Debug|Win32
		{B953370C-833B-4B6B-8D07-0B4C6BC543FC}.Debug|x64.ActiveCfg = Debug|x64
		{B953370C-833B-4B6B-8D07-0B4C6BC543FC}.Debug|x64.Build.0 = Debug|x64
		{B953370C-833B-4B6B-8D07-0B4C6BC543FC}.Release|Mixed Platforms.ActiveCfg = Release|Win32
		{B953370C-833B-4B6B-8D07-0B4C6BC543FC}.Release|Mixed Platforms.Build.0 = Release|Win32
		{B953370C-833B-4B6B-8D07-0B4C6BC543FC}.Release|Win32.ActiveCfg = Release|Win32
		{B953370C-833B-4B6B-8D07-0B4C6BC543FC}.Release|Win32.Build.0 = Release|Win32
		{B953370C-833B-4B6B-8D07-0B4C6BC543FC}.Release|x64.ActiveCfg = Release|x64
		{B953370C-833B-4B6B-8D07-0B4C6BC543FC}.Release|x64.Build.0 = Release|x64
		{B953370C-833B-4B6B-8D07-0B4C6BC543FC}.ReleaseD|Mixed Platforms.ActiveCfg = Release|Win32
		{B953370C-833B-4B6B-8D07-0B4C6BC543FC}.ReleaseD|Mixed Platforms.Build.0 = Release|Win32
		{B953370C-833B-4B6B-8D07-0B4C6BC543FC}.ReleaseD|Win32.ActiveCfg = Release|Win32
		{B953370C-833B-4B6B-8D07-0B4C6BC543FC}.ReleaseD|Win32.Build.0 = Release|Win32
		{B953370C-833B-4B6B-8D07-0B4C6BC543FC}.ReleaseD|x64.ActiveCfg = Release|x64
		{B953370C-833B-4B6B-8D07-0B4C6BC543FC}.ReleaseD|x64.Build.0 = Release|x64
		{942D60A4-3B13-4431-BA8C-3D3623AD698A}.Debug|Mixed Platforms.ActiveCfg = Debug|Win32
		{942D60A4-3B13-4431-BA8C-3D3623AD698A}.Debug|Mixed Platforms.Build.0 = Debug|Win32
		{942D60A4-3B13-4431-BA8C-3D3623AD698A}.Debug|Win32.ActiveCfg = Debug|Win32
		{942D60A4-3B13-4431-BA8C-3D3623AD698A}.Debug|Win32.Build.0 = Debug|Win32
		{942D60A4-3B13-4431-BA8C-3D3623AD698A}.Debug|x64.ActiveCfg = Debug|x64
		{942D60A4-3B13-4431-BA8C-3D3623AD698A}.Debug|x64.Build.0 = Debug|x64
		{942D60A4-3B13-4431-BA8C-3D3623AD698A}.Release|Mixed Platforms.ActiveCfg = Release|Win32
		{942D60A4-3B13-4431-BA8C-3D3623AD698A}.Release|Mixed Platforms.Build.0 = Release|Win32
		{942D60A4-3B13-4431-BA8C-3D3623AD698A}.Release|Win32.ActiveCfg = Release|Win32
		{942D60A4-3B13-4431-BA8C-3D3623AD698A}.Release|Win32.Build.0 = Release|Win32
		{942D60A4-3B13-4431-BA8C-3D3623AD698A}.Release|x64.ActiveCfg = Release|x64
		{942D60A4-3B13-4431-BA8C-3D3623AD698A}.Release|x64.Build.0 = Release|x64
		{942D60A4-3B13-4431-BA8C-3D3623AD698A}.ReleaseD|Mixed Platforms.ActiveCfg = Release|Win32
		{942D60A4-3B13-4431-BA8C-3D3623AD698A}.ReleaseD|Mixed Platforms.Build.0 = Release|Win32
		{942D60A4-3B13-4431-BA8C-3D3623AD698A}.ReleaseD|Win32.ActiveCfg = Release|Win32
		{942D60A4-3B13-4431-BA8C-3D3623AD698A}.ReleaseD|Win32.Build.0 = Release|Win32
		{942D60A4-3B13-4431-BA8C-3D3623AD698A}.ReleaseD|x64.ActiveCfg = Release|x64
		{942D60A4-3B13-4431-BA8C-3D3623AD698A}.ReleaseD|x64.Build.0 = Release|x64
		{14883107-C92B-4B37-9167-6B0B436BC4E0}.Debug|Mixed Platforms.ActiveCfg = Debug|Win32
		{14883107-C92B-4B37-9167-6B0B436BC4E0}.Debug|Mixed Platforms.Build.0 = Debug|Win32
		{14883107-C92B-4B37-9167-6B0B436BC4E0}.Debug|Win32.ActiveCfg = Debug|Win32
		{14883107-C92B-4B37-9167-6B0B436BC4E0}.Debug|Win32.Build.0 = Debug|Win32
		{14883107-C92B-4B37-9167-6B0B436BC4E0}.Debug|x64.ActiveCfg = Debug|x64
		{14883107-C92B-4B37-9167-6B0B436BC4E0}.Debug|x64.Build.0 = Debug|x64
		{14883107-C92B-4B37-9167-6B0B436BC4E0}.Release|Mixed Platforms.ActiveCfg = Release|Win32
		{14883107-C92B-4B37-9167-6B0B436BC4E0}.Release|Mixed Platforms.Build.0 = Release|Win32
		{14883107-C92B-4B37-9167-6B0B436BC4E0}.Release|Win32.ActiveCfg = Release|Win32
		{14883107-C92B-4B37-9167-6B0B436BC4E0}.Release|Win32.Build.0 = Release|Win32
		{14883107-C92B-4B37-9167-6B0B436BC4E0}.Release|x64.ActiveCfg = Release|Win32
		{14883107-C92B-4B37-9167-6B0B436BC4E0}.ReleaseD|Mixed Platforms.ActiveCfg = Release|Win32
		{14883107-C92B-4B37-9167-6B0B436BC4E0}.ReleaseD|Mixed Platforms.Build.0 = Release|Win32
		{14883107-C92B-4B37-9167-6B0B436BC4E0}.ReleaseD|Win32.ActiveCfg = Release|Win32
		{14883107-C92B-4B37-9167-6B0B436BC4E0}.ReleaseD|Win32.Build.0 = Release|Win32
		{14883107-C92B-4B37-9167-6B0B436BC4E0}.ReleaseD|x64.ActiveCfg = Release|Win32
	EndGlobalSection
	GlobalSection(SolutionProperties) = preSolution
		HideSolutionNode = FALSE
	EndGlobalSection
	GlobalSection(NestedProjects) = preSolution
		{90E9D7ED-FC81-481B-9256-E7CDD50775F4} = {98E3C0BA-29FB-43AA-9CC2-1047FC9CFB9B}
		{70407CC2-CA15-4615-8619-1FC52D5E1D74} = {0393E00D-DE3B-4106-A50B-CD289CCBE7D8}
		{C636E48F-B5CD-4F13-9884-5D26377241A8} = {98E3C0BA-29FB-43AA-9CC2-1047FC9CFB9B}
		{C920A94A-19B1-4ED6-A5CE-B9503988CB35} = {98E3C0BA-29FB-43AA-9CC2-1047FC9CFB9B}
		{DEC3DC82-F5E1-46F0-A975-AD9ACF5BE599} = {98E3C0BA-29FB-43AA-9CC2-1047FC9CFB9B}
		{0FCD772A-DB5A-455E-8B90-EA394661BC8E} = {98E3C0BA-29FB-43AA-9CC2-1047FC9CFB9B}
		{86723AEA-CB85-4847-B91F-5D308FB19352} = {38CF1AF8-6936-40FC-B094-5557BE2C6CBF}
		{44ACF645-A664-4B67-8019-7CAE3AB4D80A} = {38CF1AF8-6936-40FC-B094-5557BE2C6CBF}
		{3C80D6D3-334F-4847-8341-0128924ACB9F} = {38CF1AF8-6936-40FC-B094-5557BE2C6CBF}
		{855632C2-E723-4DC3-A779-CE065EF95DA6} = {38CF1AF8-6936-40FC-B094-5557BE2C6CBF}
		{7E597F7C-E038-4B1A-94D6-F8C0B94D8466} = {38CF1AF8-6936-40FC-B094-5557BE2C6CBF}
		{D3D01BF9-5FF0-40A3-9DB6-8D2E5915E44B} = {33CFB004-CD37-45E2-9B2A-4033045B4518}
		{78654354-C321-4A1B-B083-78346A640962} = {98E3C0BA-29FB-43AA-9CC2-1047FC9CFB9B}
		{3CF56C38-6BE1-44EF-B4E6-736A45AFF716} = {98E3C0BA-29FB-43AA-9CC2-1047FC9CFB9B}
		{B5DA53AC-71A2-425D-9CC6-7990BEF23170} = {0393E00D-DE3B-4106-A50B-CD289CCBE7D8}
		{338D2A5E-A9F4-47FC-B17D-E15F634A3C22} = {0393E00D-DE3B-4106-A50B-CD289CCBE7D8}
		{3BA7155A-D569-48D9-A20B-4DCEBE6FC367} = {0393E00D-DE3B-4106-A50B-CD289CCBE7D8}
		{1A17B84D-92E3-4873-B468-AB2B8CEC5AE8} = {0393E00D-DE3B-4106-A50B-CD289CCBE7D8}
		{E0678B2F-8F7F-4AB3-88DC-671C72B66AA9} = {38CF1AF8-6936-40FC-B094-5557BE2C6CBF}
		{EBBBC31E-2EF8-4AF4-845C-B9303E6D370F} = {38CF1AF8-6936-40FC-B094-5557BE2C6CBF}
		{4581837C-9408-4C6D-9010-EC666217A90C} = {38CF1AF8-6936-40FC-B094-5557BE2C6CBF}
		{89E39C21-8517-4BEF-8492-97AC7A62972E} = {0393E00D-DE3B-4106-A50B-CD289CCBE7D8}
		{8BDE6181-D742-4D1F-9F79-BE7CACF1091E} = {0393E00D-DE3B-4106-A50B-CD289CCBE7D8}
		{1C729A63-E6C8-4A6C-9C11-3AA73D8131B4} = {0393E00D-DE3B-4106-A50B-CD289CCBE7D8}
		{3BF8CC57-C5BC-409E-A4AA-9F68EBE30D69} = {0393E00D-DE3B-4106-A50B-CD289CCBE7D8}
		{AFECBC1B-BCB2-42AC-8896-ADBF58365B58} = {0393E00D-DE3B-4106-A50B-CD289CCBE7D8}
		{F5FF65CE-9841-4C37-873D-6E337840B255} = {0393E00D-DE3B-4106-A50B-CD289CCBE7D8}
		{BA177C29-EFB6-42AB-8489-6A3EA001445C} = {0393E00D-DE3B-4106-A50B-CD289CCBE7D8}
		{778E8F79-9F3A-480C-BD76-AECD5D2AB96C} = {0393E00D-DE3B-4106-A50B-CD289CCBE7D8}
		{F224B0B6-8923-46A8-AFA6-E902F68D3C39} = {0393E00D-DE3B-4106-A50B-CD289CCBE7D8}
		{837338C2-E9A3-4BE3-99CC-21094C79ED54} = {0393E00D-DE3B-4106-A50B-CD289CCBE7D8}
		{D54DDA33-4C49-4DC3-9042-886072FA799D} = {98E3C0BA-29FB-43AA-9CC2-1047FC9CFB9B}
		{2BDDD04B-6714-4B75-B3D6-6092BC31C7DF} = {0393E00D-DE3B-4106-A50B-CD289CCBE7D8}
		{2A5456E8-C4CF-4C76-A3B7-0E630D46FD2F} = {0393E00D-DE3B-4106-A50B-CD289CCBE7D8}
		{B2DCE54B-B583-4518-AF8D-D315A179A6B7} = {0393E00D-DE3B-4106-A50B-CD289CCBE7D8}
		{9509EDF1-492C-4FB3-A856-9688E9E67073} = {0393E00D-DE3B-4106-A50B-CD289CCBE7D8}
		{B953370C-833B-4B6B-8D07-0B4C6BC543FC} = {0393E00D-DE3B-4106-A50B-CD289CCBE7D8}
		{942D60A4-3B13-4431-BA8C-3D3623AD698A} = {98E3C0BA-29FB-43AA-9CC2-1047FC9CFB9B}
		{14883107-C92B-4B37-9167-6B0B436BC4E0} = {98E3C0BA-29FB-43AA-9CC2-1047FC9CFB9B}
	EndGlobalSection
EndGlobal
