
Microsoft Visual Studio Solution File, Format Version 12.00
# Visual Studio 2013
VisualStudioVersion = 12.0.21005.1
MinimumVisualStudioVersion = 10.0.40219.1
Project("{8BC9CEB8-8B4A-11D0-8D11-00A0C91BC942}") = "Utility", "BSLib\vs2013\Utility.vcxproj", "{5DDFE9DF-E639-456B-9EDA-46D849F5B3B0}"
EndProject
Project("{8BC9CEB8-8B4A-11D0-8D11-00A0C91BC942}") = "Network", "BSLib\vs2013\Network.vcxproj", "{A7ADAAD2-EF83-4544-9166-7AA3B28D8362}"
	ProjectSection(ProjectDependencies) = postProject
		{11974F07-BBCC-4D7E-9CF7-ADA27FCC39E2} = {11974F07-BBCC-4D7E-9CF7-ADA27FCC39E2}
		{5DDFE9DF-E639-456B-9EDA-46D849F5B3B0} = {5DDFE9DF-E639-456B-9EDA-46D849F5B3B0}
	EndProjectSection
EndProject
Project("{8BC9CEB8-8B4A-11D0-8D11-00A0C91BC942}") = "Framework", "BSLib\vs2013\Framework.vcxproj", "{AAE12715-A0BA-438A-A205-548180563E76}"
	ProjectSection(ProjectDependencies) = postProject
		{5DDFE9DF-E639-456B-9EDA-46D849F5B3B0} = {5DDFE9DF-E639-456B-9EDA-46D849F5B3B0}
	EndProjectSection
EndProject
Project("{2150E333-8FDC-42A3-9474-1A3956D46DE8}") = "BSLib", "BSLib", "{18D3CAE3-70AF-4666-B499-D00BA312B934}"
EndProject
Project("{2150E333-8FDC-42A3-9474-1A3956D46DE8}") = "GFLib", "GFLib", "{A1333A4F-703E-4C90-98E4-B18EB4A0ADCB}"
EndProject
Project("{8BC9CEB8-8B4A-11D0-8D11-00A0C91BC942}") = "CommonServer", "GFLib\vs2013\CommonServer.vcxproj", "{8145C444-88A8-4135-90C3-AD61ECDBF33D}"
	ProjectSection(ProjectDependencies) = postProject
		{15439009-557B-43C3-8D08-BF5B5CE1B807} = {15439009-557B-43C3-8D08-BF5B5CE1B807}
		{AAE12715-A0BA-438A-A205-548180563E76} = {AAE12715-A0BA-438A-A205-548180563E76}
		{A7ADAAD2-EF83-4544-9166-7AA3B28D8362} = {A7ADAAD2-EF83-4544-9166-7AA3B28D8362}
	EndProjectSection
EndProject
Project("{2150E333-8FDC-42A3-9474-1A3956D46DE8}") = "Server", "Server", "{245CF8EC-D40F-4F25-8E4E-752D27037A13}"
EndProject
Project("{8BC9CEB8-8B4A-11D0-8D11-00A0C91BC942}") = "UDM", "BSLib\vs2013\UDM.vcxproj", "{11974F07-BBCC-4D7E-9CF7-ADA27FCC39E2}"
	ProjectSection(ProjectDependencies) = postProject
		{5DDFE9DF-E639-456B-9EDA-46D849F5B3B0} = {5DDFE9DF-E639-456B-9EDA-46D849F5B3B0}
	EndProjectSection
EndProject
Project("{8BC9CEB8-8B4A-11D0-8D11-00A0C91BC942}") = "Database", "BSLib\vs2013\Database.vcxproj", "{15439009-557B-43C3-8D08-BF5B5CE1B807}"
EndProject
Project("{8BC9CEB8-8B4A-11D0-8D11-00A0C91BC942}") = "Server", "Server\vs2013\Server.vcxproj", "{B25947B6-690A-4025-8F40-FEAB70730420}"
	ProjectSection(ProjectDependencies) = postProject
		{8145C444-88A8-4135-90C3-AD61ECDBF33D} = {8145C444-88A8-4135-90C3-AD61ECDBF33D}
	EndProjectSection
EndProject
Project("{8BC9CEB8-8B4A-11D0-8D11-00A0C91BC942}") = "LoginServer", "Server\vs2013\LoginServer.vcxproj", "{8FC0928F-8E22-455A-BC23-E8310E69D28E}"
	ProjectSection(ProjectDependencies) = postProject
		{8145C444-88A8-4135-90C3-AD61ECDBF33D} = {8145C444-88A8-4135-90C3-AD61ECDBF33D}
	EndProjectSection
EndProject
Project("{2150E333-8FDC-42A3-9474-1A3956D46DE8}") = "common", "common", "{51D41247-B16C-49B6-AE59-E11FC8FA08CB}"
	ProjectSection(SolutionItems) = preProject
		..\src\Server\common\serverDef.h = ..\src\Server\common\serverDef.h
		..\src\Server\common\tracer.h = ..\src\Server\common\tracer.h
	EndProjectSection
EndProject
Project("{8BC9CEB8-8B4A-11D0-8D11-00A0C91BC942}") = "GameServer", "Server\vs2013\GameServer.vcxproj", "{77CA4578-0D64-4BAA-B68E-7F938023A27C}"
	ProjectSection(ProjectDependencies) = postProject
		{8145C444-88A8-4135-90C3-AD61ECDBF33D} = {8145C444-88A8-4135-90C3-AD61ECDBF33D}
	EndProjectSection
EndProject
Project("{8BC9CEB8-8B4A-11D0-8D11-00A0C91BC942}") = "DataServer", "Server\vs2013\DataServer.vcxproj", "{381CBC87-FD71-403F-B055-7FA9F3A147D9}"
	ProjectSection(ProjectDependencies) = postProject
		{8145C444-88A8-4135-90C3-AD61ECDBF33D} = {8145C444-88A8-4135-90C3-AD61ECDBF33D}
	EndProjectSection
EndProject
Project("{2150E333-8FDC-42A3-9474-1A3956D46DE8}") = "CSLib", "CSLib", "{C2640474-E85C-48AE-9A15-6489C44802DE}"
EndProject
Project("{FAE04EC0-301F-11D3-BF4B-00C04F79EFBC}") = "UnityUtility", "..\src\CSLib\UnityUtility\UnityUtility.csproj", "{6D6386BB-3721-4E82-B482-5A81780582F3}"
EndProject
Project("{FAE04EC0-301F-11D3-BF4B-00C04F79EFBC}") = "UnityNetwork", "..\src\CSLib\UnityNetwork\UnityNetwork.csproj", "{10F6A410-5C99-4FEA-A072-7362D1679A0F}"
EndProject
Global
	GlobalSection(SolutionConfigurationPlatforms) = preSolution
		Debug|Any CPU = Debug|Any CPU
		Debug|Mixed Platforms = Debug|Mixed Platforms
		Debug|Win32 = Debug|Win32
		Release|Any CPU = Release|Any CPU
		Release|Mixed Platforms = Release|Mixed Platforms
		Release|Win32 = Release|Win32
	EndGlobalSection
	GlobalSection(ProjectConfigurationPlatforms) = postSolution
		{5DDFE9DF-E639-456B-9EDA-46D849F5B3B0}.Debug|Any CPU.ActiveCfg = Debug|Win32
		{5DDFE9DF-E639-456B-9EDA-46D849F5B3B0}.Debug|Mixed Platforms.ActiveCfg = Debug|Win32
		{5DDFE9DF-E639-456B-9EDA-46D849F5B3B0}.Debug|Mixed Platforms.Build.0 = Debug|Win32
		{5DDFE9DF-E639-456B-9EDA-46D849F5B3B0}.Debug|Win32.ActiveCfg = Debug|Win32
		{5DDFE9DF-E639-456B-9EDA-46D849F5B3B0}.Debug|Win32.Build.0 = Debug|Win32
		{5DDFE9DF-E639-456B-9EDA-46D849F5B3B0}.Release|Any CPU.ActiveCfg = Release|Win32
		{5DDFE9DF-E639-456B-9EDA-46D849F5B3B0}.Release|Mixed Platforms.ActiveCfg = Release|Win32
		{5DDFE9DF-E639-456B-9EDA-46D849F5B3B0}.Release|Mixed Platforms.Build.0 = Release|Win32
		{5DDFE9DF-E639-456B-9EDA-46D849F5B3B0}.Release|Win32.ActiveCfg = Release|Win32
		{5DDFE9DF-E639-456B-9EDA-46D849F5B3B0}.Release|Win32.Build.0 = Release|Win32
		{A7ADAAD2-EF83-4544-9166-7AA3B28D8362}.Debug|Any CPU.ActiveCfg = Debug|Win32
		{A7ADAAD2-EF83-4544-9166-7AA3B28D8362}.Debug|Mixed Platforms.ActiveCfg = Debug|Win32
		{A7ADAAD2-EF83-4544-9166-7AA3B28D8362}.Debug|Mixed Platforms.Build.0 = Debug|Win32
		{A7ADAAD2-EF83-4544-9166-7AA3B28D8362}.Debug|Win32.ActiveCfg = Debug|Win32
		{A7ADAAD2-EF83-4544-9166-7AA3B28D8362}.Debug|Win32.Build.0 = Debug|Win32
		{A7ADAAD2-EF83-4544-9166-7AA3B28D8362}.Release|Any CPU.ActiveCfg = Release|Win32
		{A7ADAAD2-EF83-4544-9166-7AA3B28D8362}.Release|Mixed Platforms.ActiveCfg = Release|Win32
		{A7ADAAD2-EF83-4544-9166-7AA3B28D8362}.Release|Mixed Platforms.Build.0 = Release|Win32
		{A7ADAAD2-EF83-4544-9166-7AA3B28D8362}.Release|Win32.ActiveCfg = Release|Win32
		{A7ADAAD2-EF83-4544-9166-7AA3B28D8362}.Release|Win32.Build.0 = Release|Win32
		{AAE12715-A0BA-438A-A205-548180563E76}.Debug|Any CPU.ActiveCfg = Debug|Win32
		{AAE12715-A0BA-438A-A205-548180563E76}.Debug|Mixed Platforms.ActiveCfg = Debug|Win32
		{AAE12715-A0BA-438A-A205-548180563E76}.Debug|Mixed Platforms.Build.0 = Debug|Win32
		{AAE12715-A0BA-438A-A205-548180563E76}.Debug|Win32.ActiveCfg = Debug|Win32
		{AAE12715-A0BA-438A-A205-548180563E76}.Debug|Win32.Build.0 = Debug|Win32
		{AAE12715-A0BA-438A-A205-548180563E76}.Release|Any CPU.ActiveCfg = Release|Win32
		{AAE12715-A0BA-438A-A205-548180563E76}.Release|Mixed Platforms.ActiveCfg = Release|Win32
		{AAE12715-A0BA-438A-A205-548180563E76}.Release|Mixed Platforms.Build.0 = Release|Win32
		{AAE12715-A0BA-438A-A205-548180563E76}.Release|Win32.ActiveCfg = Release|Win32
		{AAE12715-A0BA-438A-A205-548180563E76}.Release|Win32.Build.0 = Release|Win32
		{8145C444-88A8-4135-90C3-AD61ECDBF33D}.Debug|Any CPU.ActiveCfg = Debug|Win32
		{8145C444-88A8-4135-90C3-AD61ECDBF33D}.Debug|Mixed Platforms.ActiveCfg = Debug|Win32
		{8145C444-88A8-4135-90C3-AD61ECDBF33D}.Debug|Mixed Platforms.Build.0 = Debug|Win32
		{8145C444-88A8-4135-90C3-AD61ECDBF33D}.Debug|Win32.ActiveCfg = Debug|Win32
		{8145C444-88A8-4135-90C3-AD61ECDBF33D}.Debug|Win32.Build.0 = Debug|Win32
		{8145C444-88A8-4135-90C3-AD61ECDBF33D}.Release|Any CPU.ActiveCfg = Release|Win32
		{8145C444-88A8-4135-90C3-AD61ECDBF33D}.Release|Mixed Platforms.ActiveCfg = Release|Win32
		{8145C444-88A8-4135-90C3-AD61ECDBF33D}.Release|Mixed Platforms.Build.0 = Release|Win32
		{8145C444-88A8-4135-90C3-AD61ECDBF33D}.Release|Win32.ActiveCfg = Release|Win32
		{8145C444-88A8-4135-90C3-AD61ECDBF33D}.Release|Win32.Build.0 = Release|Win32
		{11974F07-BBCC-4D7E-9CF7-ADA27FCC39E2}.Debug|Any CPU.ActiveCfg = Debug|Win32
		{11974F07-BBCC-4D7E-9CF7-ADA27FCC39E2}.Debug|Mixed Platforms.ActiveCfg = Debug|Win32
		{11974F07-BBCC-4D7E-9CF7-ADA27FCC39E2}.Debug|Mixed Platforms.Build.0 = Debug|Win32
		{11974F07-BBCC-4D7E-9CF7-ADA27FCC39E2}.Debug|Win32.ActiveCfg = Debug|Win32
		{11974F07-BBCC-4D7E-9CF7-ADA27FCC39E2}.Debug|Win32.Build.0 = Debug|Win32
		{11974F07-BBCC-4D7E-9CF7-ADA27FCC39E2}.Release|Any CPU.ActiveCfg = Release|Win32
		{11974F07-BBCC-4D7E-9CF7-ADA27FCC39E2}.Release|Mixed Platforms.ActiveCfg = Release|Win32
		{11974F07-BBCC-4D7E-9CF7-ADA27FCC39E2}.Release|Mixed Platforms.Build.0 = Release|Win32
		{11974F07-BBCC-4D7E-9CF7-ADA27FCC39E2}.Release|Win32.ActiveCfg = Release|Win32
		{11974F07-BBCC-4D7E-9CF7-ADA27FCC39E2}.Release|Win32.Build.0 = Release|Win32
		{15439009-557B-43C3-8D08-BF5B5CE1B807}.Debug|Any CPU.ActiveCfg = Debug|Win32
		{15439009-557B-43C3-8D08-BF5B5CE1B807}.Debug|Mixed Platforms.ActiveCfg = Debug|Win32
		{15439009-557B-43C3-8D08-BF5B5CE1B807}.Debug|Mixed Platforms.Build.0 = Debug|Win32
		{15439009-557B-43C3-8D08-BF5B5CE1B807}.Debug|Win32.ActiveCfg = Debug|Win32
		{15439009-557B-43C3-8D08-BF5B5CE1B807}.Debug|Win32.Build.0 = Debug|Win32
		{15439009-557B-43C3-8D08-BF5B5CE1B807}.Release|Any CPU.ActiveCfg = Release|Win32
		{15439009-557B-43C3-8D08-BF5B5CE1B807}.Release|Mixed Platforms.ActiveCfg = Release|Win32
		{15439009-557B-43C3-8D08-BF5B5CE1B807}.Release|Mixed Platforms.Build.0 = Release|Win32
		{15439009-557B-43C3-8D08-BF5B5CE1B807}.Release|Win32.ActiveCfg = Release|Win32
		{15439009-557B-43C3-8D08-BF5B5CE1B807}.Release|Win32.Build.0 = Release|Win32
		{B25947B6-690A-4025-8F40-FEAB70730420}.Debug|Any CPU.ActiveCfg = Debug|Win32
		{B25947B6-690A-4025-8F40-FEAB70730420}.Debug|Mixed Platforms.ActiveCfg = Debug|Win32
		{B25947B6-690A-4025-8F40-FEAB70730420}.Debug|Mixed Platforms.Build.0 = Debug|Win32
		{B25947B6-690A-4025-8F40-FEAB70730420}.Debug|Win32.ActiveCfg = Debug|Win32
		{B25947B6-690A-4025-8F40-FEAB70730420}.Debug|Win32.Build.0 = Debug|Win32
		{B25947B6-690A-4025-8F40-FEAB70730420}.Release|Any CPU.ActiveCfg = Release|Win32
		{B25947B6-690A-4025-8F40-FEAB70730420}.Release|Mixed Platforms.ActiveCfg = Release|Win32
		{B25947B6-690A-4025-8F40-FEAB70730420}.Release|Mixed Platforms.Build.0 = Release|Win32
		{B25947B6-690A-4025-8F40-FEAB70730420}.Release|Win32.ActiveCfg = Release|Win32
		{B25947B6-690A-4025-8F40-FEAB70730420}.Release|Win32.Build.0 = Release|Win32
		{8FC0928F-8E22-455A-BC23-E8310E69D28E}.Debug|Any CPU.ActiveCfg = Debug|Win32
		{8FC0928F-8E22-455A-BC23-E8310E69D28E}.Debug|Mixed Platforms.ActiveCfg = Debug|Win32
		{8FC0928F-8E22-455A-BC23-E8310E69D28E}.Debug|Mixed Platforms.Build.0 = Debug|Win32
		{8FC0928F-8E22-455A-BC23-E8310E69D28E}.Debug|Win32.ActiveCfg = Debug|Win32
		{8FC0928F-8E22-455A-BC23-E8310E69D28E}.Debug|Win32.Build.0 = Debug|Win32
		{8FC0928F-8E22-455A-BC23-E8310E69D28E}.Release|Any CPU.ActiveCfg = Release|Win32
		{8FC0928F-8E22-455A-BC23-E8310E69D28E}.Release|Mixed Platforms.ActiveCfg = Release|Win32
		{8FC0928F-8E22-455A-BC23-E8310E69D28E}.Release|Mixed Platforms.Build.0 = Release|Win32
		{8FC0928F-8E22-455A-BC23-E8310E69D28E}.Release|Win32.ActiveCfg = Release|Win32
		{8FC0928F-8E22-455A-BC23-E8310E69D28E}.Release|Win32.Build.0 = Release|Win32
		{77CA4578-0D64-4BAA-B68E-7F938023A27C}.Debug|Any CPU.ActiveCfg = Debug|Win32
		{77CA4578-0D64-4BAA-B68E-7F938023A27C}.Debug|Mixed Platforms.ActiveCfg = Debug|Win32
		{77CA4578-0D64-4BAA-B68E-7F938023A27C}.Debug|Mixed Platforms.Build.0 = Debug|Win32
		{77CA4578-0D64-4BAA-B68E-7F938023A27C}.Debug|Win32.ActiveCfg = Debug|Win32
		{77CA4578-0D64-4BAA-B68E-7F938023A27C}.Debug|Win32.Build.0 = Debug|Win32
		{77CA4578-0D64-4BAA-B68E-7F938023A27C}.Release|Any CPU.ActiveCfg = Release|Win32
		{77CA4578-0D64-4BAA-B68E-7F938023A27C}.Release|Mixed Platforms.ActiveCfg = Release|Win32
		{77CA4578-0D64-4BAA-B68E-7F938023A27C}.Release|Mixed Platforms.Build.0 = Release|Win32
		{77CA4578-0D64-4BAA-B68E-7F938023A27C}.Release|Win32.ActiveCfg = Release|Win32
		{77CA4578-0D64-4BAA-B68E-7F938023A27C}.Release|Win32.Build.0 = Release|Win32
		{381CBC87-FD71-403F-B055-7FA9F3A147D9}.Debug|Any CPU.ActiveCfg = Debug|Win32
		{381CBC87-FD71-403F-B055-7FA9F3A147D9}.Debug|Mixed Platforms.ActiveCfg = Debug|Win32
		{381CBC87-FD71-403F-B055-7FA9F3A147D9}.Debug|Mixed Platforms.Build.0 = Debug|Win32
		{381CBC87-FD71-403F-B055-7FA9F3A147D9}.Debug|Win32.ActiveCfg = Debug|Win32
		{381CBC87-FD71-403F-B055-7FA9F3A147D9}.Debug|Win32.Build.0 = Debug|Win32
		{381CBC87-FD71-403F-B055-7FA9F3A147D9}.Release|Any CPU.ActiveCfg = Release|Win32
		{381CBC87-FD71-403F-B055-7FA9F3A147D9}.Release|Mixed Platforms.ActiveCfg = Release|Win32
		{381CBC87-FD71-403F-B055-7FA9F3A147D9}.Release|Mixed Platforms.Build.0 = Release|Win32
		{381CBC87-FD71-403F-B055-7FA9F3A147D9}.Release|Win32.ActiveCfg = Release|Win32
		{381CBC87-FD71-403F-B055-7FA9F3A147D9}.Release|Win32.Build.0 = Release|Win32
		{6D6386BB-3721-4E82-B482-5A81780582F3}.Debug|Any CPU.ActiveCfg = Debug|Any CPU
		{6D6386BB-3721-4E82-B482-5A81780582F3}.Debug|Any CPU.Build.0 = Debug|Any CPU
		{6D6386BB-3721-4E82-B482-5A81780582F3}.Debug|Mixed Platforms.ActiveCfg = Debug|Any CPU
		{6D6386BB-3721-4E82-B482-5A81780582F3}.Debug|Mixed Platforms.Build.0 = Debug|Any CPU
		{6D6386BB-3721-4E82-B482-5A81780582F3}.Debug|Win32.ActiveCfg = Debug|Any CPU
		{6D6386BB-3721-4E82-B482-5A81780582F3}.Release|Any CPU.ActiveCfg = Release|Any CPU
		{6D6386BB-3721-4E82-B482-5A81780582F3}.Release|Any CPU.Build.0 = Release|Any CPU
		{6D6386BB-3721-4E82-B482-5A81780582F3}.Release|Mixed Platforms.ActiveCfg = Release|Any CPU
		{6D6386BB-3721-4E82-B482-5A81780582F3}.Release|Mixed Platforms.Build.0 = Release|Any CPU
		{6D6386BB-3721-4E82-B482-5A81780582F3}.Release|Win32.ActiveCfg = Release|Any CPU
		{10F6A410-5C99-4FEA-A072-7362D1679A0F}.Debug|Any CPU.ActiveCfg = Debug|Any CPU
		{10F6A410-5C99-4FEA-A072-7362D1679A0F}.Debug|Any CPU.Build.0 = Debug|Any CPU
		{10F6A410-5C99-4FEA-A072-7362D1679A0F}.Debug|Mixed Platforms.ActiveCfg = Debug|Any CPU
		{10F6A410-5C99-4FEA-A072-7362D1679A0F}.Debug|Win32.ActiveCfg = Debug|Any CPU
		{10F6A410-5C99-4FEA-A072-7362D1679A0F}.Release|Any CPU.ActiveCfg = Release|Any CPU
		{10F6A410-5C99-4FEA-A072-7362D1679A0F}.Release|Any CPU.Build.0 = Release|Any CPU
		{10F6A410-5C99-4FEA-A072-7362D1679A0F}.Release|Mixed Platforms.ActiveCfg = Release|Any CPU
		{10F6A410-5C99-4FEA-A072-7362D1679A0F}.Release|Mixed Platforms.Build.0 = Release|Any CPU
		{10F6A410-5C99-4FEA-A072-7362D1679A0F}.Release|Win32.ActiveCfg = Release|Any CPU
	EndGlobalSection
	GlobalSection(SolutionProperties) = preSolution
		HideSolutionNode = FALSE
	EndGlobalSection
	GlobalSection(NestedProjects) = preSolution
		{A7ADAAD2-EF83-4544-9166-7AA3B28D8362} = {18D3CAE3-70AF-4666-B499-D00BA312B934}
		{AAE12715-A0BA-438A-A205-548180563E76} = {18D3CAE3-70AF-4666-B499-D00BA312B934}
		{5DDFE9DF-E639-456B-9EDA-46D849F5B3B0} = {18D3CAE3-70AF-4666-B499-D00BA312B934}
		{11974F07-BBCC-4D7E-9CF7-ADA27FCC39E2} = {18D3CAE3-70AF-4666-B499-D00BA312B934}
		{15439009-557B-43C3-8D08-BF5B5CE1B807} = {18D3CAE3-70AF-4666-B499-D00BA312B934}
		{8145C444-88A8-4135-90C3-AD61ECDBF33D} = {A1333A4F-703E-4C90-98E4-B18EB4A0ADCB}
		{B25947B6-690A-4025-8F40-FEAB70730420} = {245CF8EC-D40F-4F25-8E4E-752D27037A13}
		{8FC0928F-8E22-455A-BC23-E8310E69D28E} = {245CF8EC-D40F-4F25-8E4E-752D27037A13}
		{51D41247-B16C-49B6-AE59-E11FC8FA08CB} = {245CF8EC-D40F-4F25-8E4E-752D27037A13}
		{77CA4578-0D64-4BAA-B68E-7F938023A27C} = {245CF8EC-D40F-4F25-8E4E-752D27037A13}
		{381CBC87-FD71-403F-B055-7FA9F3A147D9} = {245CF8EC-D40F-4F25-8E4E-752D27037A13}
		{6D6386BB-3721-4E82-B482-5A81780582F3} = {C2640474-E85C-48AE-9A15-6489C44802DE}
		{10F6A410-5C99-4FEA-A072-7362D1679A0F} = {C2640474-E85C-48AE-9A15-6489C44802DE}
	EndGlobalSection
EndGlobal
