<?xml version="1.0" encoding="utf-8"?>
<Project ToolsVersion="4.0" xmlns="http://schemas.microsoft.com/developer/msbuild/2003">
  <ItemGroup>
    <Filter Include="inc">
      <UniqueIdentifier>{358e2d77-9db6-4fc8-b133-3bfc79f8cc57}</UniqueIdentifier>
    </Filter>
    <Filter Include="GM">
      <UniqueIdentifier>{a61ed7d1-3921-4702-99a6-ab58f8b21723}</UniqueIdentifier>
    </Filter>
    <Filter Include="GM\inc">
      <UniqueIdentifier>{151d43c7-51a2-4ba4-86e7-5a64272667df}</UniqueIdentifier>
    </Filter>
    <Filter Include="GM\cpp">
      <UniqueIdentifier>{0faa6e47-a59f-4807-ae09-894e8d3e8b3e}</UniqueIdentifier>
    </Filter>
    <Filter Include="DB">
      <UniqueIdentifier>{7eb2872f-6e51-4824-851b-b7df3b16470a}</UniqueIdentifier>
    </Filter>
    <Filter Include="DB\inc">
      <UniqueIdentifier>{be6fe443-fcee-41c9-aa9e-ae38ef26cde7}</UniqueIdentifier>
    </Filter>
    <Filter Include="DB\cpp">
      <UniqueIdentifier>{83e15ba1-6452-4d31-9835-021d9bf4f992}</UniqueIdentifier>
    </Filter>
  </ItemGroup>
  <ItemGroup>
    <ClInclude Include="..\..\..\inc\GSLib\itemSystem\baseDef.h">
      <Filter>inc</Filter>
    </ClInclude>
    <ClInclude Include="..\..\..\inc\GSLib\itemSystem\msgItemSystem.h">
      <Filter>inc</Filter>
    </ClInclude>
    <ClInclude Include="..\..\..\inc\GSLib\itemSystem\msgItemSystemGC.h">
      <Filter>inc</Filter>
    </ClInclude>
    <ClInclude Include="..\..\..\inc\GSLib\itemSystem\msgNumIDItemSystem.h">
      <Filter>inc</Filter>
    </ClInclude>
    <ClInclude Include="..\..\..\inc\GSLib\itemSystem\GM\itemAttributeGM.h">
      <Filter>GM\inc</Filter>
    </ClInclude>
    <ClInclude Include="..\..\..\inc\GSLib\itemSystem\GM\itemDataGM.h">
      <Filter>GM\inc</Filter>
    </ClInclude>
    <ClInclude Include="..\..\..\inc\GSLib\itemSystem\GM\itemGMMgr.h">
      <Filter>GM\inc</Filter>
    </ClInclude>
    <ClInclude Include="..\..\..\inc\GSLib\itemSystem\GM\itemSystemGM.h">
      <Filter>GM\inc</Filter>
    </ClInclude>
    <ClInclude Include="..\..\..\inc\GSLib\itemSystem\GM\msgItemSystemGM.h">
      <Filter>GM\inc</Filter>
    </ClInclude>
    <ClInclude Include="..\..\..\inc\GSLib\itemSystem\DB\itemSystemDB.h">
      <Filter>DB\inc</Filter>
    </ClInclude>
    <ClInclude Include="..\..\..\inc\GSLib\itemSystem\DB\tableItemDB.h">
      <Filter>DB\inc</Filter>
    </ClInclude>
  </ItemGroup>
  <ItemGroup>
    <ClCompile Include="..\..\..\src\GSLib\itemSystem\GM\itemAttributeGM.cpp">
      <Filter>GM\cpp</Filter>
    </ClCompile>
    <ClCompile Include="..\..\..\src\GSLib\itemSystem\GM\itemDataGM.cpp">
      <Filter>GM\cpp</Filter>
    </ClCompile>
    <ClCompile Include="..\..\..\src\GSLib\itemSystem\GM\itemGMMgr.cpp">
      <Filter>GM\cpp</Filter>
    </ClCompile>
    <ClCompile Include="..\..\..\src\GSLib\itemSystem\GM\itemSystemGM.cpp">
      <Filter>GM\cpp</Filter>
    </ClCompile>
    <ClCompile Include="..\..\..\src\GSLib\itemSystem\DB\itemSystemDB.cpp">
      <Filter>DB\cpp</Filter>
    </ClCompile>
  </ItemGroup>
</Project>