<?xml version="1.0" encoding="utf-8"?>
<Project ToolsVersion="4.0" xmlns="http://schemas.microsoft.com/developer/msbuild/2003">
  <ItemGroup>
    <Filter Include="inc">
      <UniqueIdentifier>{74510e95-0d69-4532-bb14-f774984cb3b3}</UniqueIdentifier>
    </Filter>
    <Filter Include="GM">
      <UniqueIdentifier>{0082e8ba-a52a-4182-b835-b29276f5ae93}</UniqueIdentifier>
    </Filter>
    <Filter Include="GM\inc">
      <UniqueIdentifier>{aee9abf7-9960-4c12-9f9d-94f0f7e758d7}</UniqueIdentifier>
    </Filter>
    <Filter Include="GM\cpp">
      <UniqueIdentifier>{1f38d645-217d-4412-9a64-4a9b15ac1713}</UniqueIdentifier>
    </Filter>
    <Filter Include="CN">
      <UniqueIdentifier>{0a412e11-df45-4aa7-a712-7ccb0921ed23}</UniqueIdentifier>
    </Filter>
    <Filter Include="CN\inc">
      <UniqueIdentifier>{6558e80d-4899-4e04-b25e-d7ef560d28ab}</UniqueIdentifier>
    </Filter>
    <Filter Include="CN\cpp">
      <UniqueIdentifier>{51236688-d777-4a78-8d7b-4307c0477ab0}</UniqueIdentifier>
    </Filter>
    <Filter Include="DB">
      <UniqueIdentifier>{1b9c793b-89af-4573-b4a3-4316b8f16a52}</UniqueIdentifier>
    </Filter>
    <Filter Include="DB\inc">
      <UniqueIdentifier>{4a15c39d-ff30-423c-9640-83baa059197f}</UniqueIdentifier>
    </Filter>
    <Filter Include="DB\cpp">
      <UniqueIdentifier>{94168130-c9ef-4452-bea7-851ddff1d5e3}</UniqueIdentifier>
    </Filter>
  </ItemGroup>
  <ItemGroup>
    <ClInclude Include="..\..\..\inc\GSLib\mailSystem\mail.h">
      <Filter>inc</Filter>
    </ClInclude>
    <ClInclude Include="..\..\..\inc\GSLib\mailSystem\msgMailSystem.h">
      <Filter>inc</Filter>
    </ClInclude>
    <ClInclude Include="..\..\..\inc\GSLib\mailSystem\msgMailSystemGC.h">
      <Filter>inc</Filter>
    </ClInclude>
    <ClInclude Include="..\..\..\inc\GSLib\mailSystem\msgNumIDMailSystem.h">
      <Filter>inc</Filter>
    </ClInclude>
    <ClInclude Include="..\..\..\inc\GSLib\mailSystem\GM\mailSystemGM.h">
      <Filter>GM\inc</Filter>
    </ClInclude>
    <ClInclude Include="..\..\..\inc\GSLib\mailSystem\GM\msgMailSystemGM.h">
      <Filter>GM\inc</Filter>
    </ClInclude>
    <ClInclude Include="..\..\..\inc\GSLib\mailSystem\GM\roleMailModule.h">
      <Filter>GM\inc</Filter>
    </ClInclude>
    <ClInclude Include="..\..\..\inc\GSLib\mailSystem\CN\mailSystemCN.h">
      <Filter>CN\inc</Filter>
    </ClInclude>
    <ClInclude Include="..\..\..\inc\GSLib\mailSystem\CN\msgMailSystemCN.h">
      <Filter>CN\inc</Filter>
    </ClInclude>
    <ClInclude Include="..\..\..\inc\GSLib\mailSystem\CN\roleMailModuleCN.h">
      <Filter>CN\inc</Filter>
    </ClInclude>
    <ClInclude Include="..\..\..\inc\GSLib\mailSystem\DB\mailSystemDB.h">
      <Filter>DB\inc</Filter>
    </ClInclude>
    <ClInclude Include="..\..\..\inc\GSLib\mailSystem\DB\tableMailDB.h">
      <Filter>DB\inc</Filter>
    </ClInclude>
  </ItemGroup>
  <ItemGroup>
    <ClCompile Include="..\..\..\src\GSLib\mailSystem\GM\mailSystemGM.cpp">
      <Filter>GM\cpp</Filter>
    </ClCompile>
    <ClCompile Include="..\..\..\src\GSLib\mailSystem\GM\roleMailModule.cpp">
      <Filter>GM\cpp</Filter>
    </ClCompile>
    <ClCompile Include="..\..\..\src\GSLib\mailSystem\CN\mailSystemCN.cpp">
      <Filter>CN\cpp</Filter>
    </ClCompile>
    <ClCompile Include="..\..\..\src\GSLib\mailSystem\CN\roleMailModuleCN.cpp">
      <Filter>CN\cpp</Filter>
    </ClCompile>
    <ClCompile Include="..\..\..\src\GSLib\mailSystem\DB\mailSystemDB.cpp">
      <Filter>DB\cpp</Filter>
    </ClCompile>
    <ClCompile Include="..\..\..\src\GSLib\mailSystem\DB\tableMailDB.cpp">
      <Filter>DB\cpp</Filter>
    </ClCompile>
  </ItemGroup>
</Project>