<?xml version="1.0" encoding="utf-8"?>
<Project ToolsVersion="4.0" xmlns="http://schemas.microsoft.com/developer/msbuild/2003">
  <ItemGroup>
    <Filter Include="源文件">
      <UniqueIdentifier>{4FC737F1-C7A5-4376-A066-2A32D752A2FF}</UniqueIdentifier>
      <Extensions>cpp;c;cc;cxx;def;odl;idl;hpj;bat;asm;asmx</Extensions>
    </Filter>
    <Filter Include="头文件">
      <UniqueIdentifier>{93995380-89BD-4b04-88EB-625FBE52EBFB}</UniqueIdentifier>
      <Extensions>h;hh;hpp;hxx;hm;inl;inc;xsd</Extensions>
    </Filter>
    <Filter Include="资源文件">
      <UniqueIdentifier>{67DA6AB6-F800-4c08-8B7A-83BB121AAD01}</UniqueIdentifier>
      <Extensions>rc;ico;cur;bmp;dlg;rc2;rct;bin;rgs;gif;jpg;jpeg;jpe;resx;tiff;tif;png;wav;mfcribbon-ms</Extensions>
    </Filter>
    <Filter Include="头文件\message">
      <UniqueIdentifier>{a01fd84c-6834-4cb2-bf55-b820478571bd}</UniqueIdentifier>
    </Filter>
    <Filter Include="源文件\message">
      <UniqueIdentifier>{31ce319e-c432-4d80-88c7-9f2e3b000147}</UniqueIdentifier>
    </Filter>
  </ItemGroup>
  <ItemGroup>
    <Text Include="ReadMe.txt" />
  </ItemGroup>
  <ItemGroup>
    <ClInclude Include="..\..\..\inc\BSLib\framework\baseDef.h">
      <Filter>头文件</Filter>
    </ClInclude>
    <ClInclude Include="..\..\..\inc\BSLib\framework\mainThread.h">
      <Filter>头文件</Filter>
    </ClInclude>
    <ClInclude Include="..\..\..\inc\BSLib\framework\sysChannelMgr.h">
      <Filter>头文件</Filter>
    </ClInclude>
    <ClInclude Include="..\..\..\inc\BSLib\framework\sysConfig.h">
      <Filter>头文件</Filter>
    </ClInclude>
    <ClInclude Include="..\..\..\inc\BSLib\framework\threadFrame.h">
      <Filter>头文件</Filter>
    </ClInclude>
    <ClInclude Include="..\..\..\inc\BSLib\framework\message\message.h">
      <Filter>头文件\message</Filter>
    </ClInclude>
    <ClInclude Include="..\..\..\inc\BSLib\framework\message\msgDebug.h">
      <Filter>头文件\message</Filter>
    </ClInclude>
    <ClInclude Include="..\..\..\inc\BSLib\framework\message\msgExec.h">
      <Filter>头文件\message</Filter>
    </ClInclude>
    <ClInclude Include="..\..\..\inc\BSLib\framework\message\msgExecMgr.h">
      <Filter>头文件\message</Filter>
    </ClInclude>
    <ClInclude Include="..\..\..\inc\BSLib\framework\message\msgFramework.h">
      <Filter>头文件\message</Filter>
    </ClInclude>
    <ClInclude Include="..\..\..\inc\BSLib\framework\message\msgLabel.h">
      <Filter>头文件\message</Filter>
    </ClInclude>
    <ClInclude Include="..\..\..\inc\BSLib\framework\message\msgQueue.h">
      <Filter>头文件\message</Filter>
    </ClInclude>
    <ClInclude Include="..\..\..\inc\BSLib\framework\message\msgType.h">
      <Filter>头文件\message</Filter>
    </ClInclude>
  </ItemGroup>
  <ItemGroup>
    <ClCompile Include="..\..\..\src\BSLib\framework\mainThread.cpp">
      <Filter>源文件</Filter>
    </ClCompile>
    <ClCompile Include="..\..\..\src\BSLib\framework\sysChannelMgr.cpp">
      <Filter>源文件</Filter>
    </ClCompile>
    <ClCompile Include="..\..\..\src\BSLib\framework\sysConfig.cpp">
      <Filter>源文件</Filter>
    </ClCompile>
    <ClCompile Include="..\..\..\src\BSLib\framework\threadFrame.cpp">
      <Filter>源文件</Filter>
    </ClCompile>
    <ClCompile Include="..\..\..\src\BSLib\framework\message\message.cpp">
      <Filter>源文件\message</Filter>
    </ClCompile>
    <ClCompile Include="..\..\..\src\BSLib\framework\message\msgDebug.cpp">
      <Filter>源文件\message</Filter>
    </ClCompile>
    <ClCompile Include="..\..\..\src\BSLib\framework\message\msgExec.cpp">
      <Filter>源文件\message</Filter>
    </ClCompile>
    <ClCompile Include="..\..\..\src\BSLib\framework\message\msgExecMgr.cpp">
      <Filter>源文件\message</Filter>
    </ClCompile>
  </ItemGroup>
</Project>