<?xml version="1.0" encoding="utf-8"?>
<Project ToolsVersion="4.0" xmlns="http://schemas.microsoft.com/developer/msbuild/2003">
  <ItemGroup>
    <Filter Include="源文件">
      <UniqueIdentifier>{4FC737F1-C7A5-4376-A066-2A32D752A2FF}</UniqueIdentifier>
      <Extensions>cpp;c;cc;cxx;def;odl;idl;hpj;bat;asm;asmx</Extensions>
    </Filter>
    <Filter Include="头文件">
      <UniqueIdentifier>{93995380-89BD-4b04-88EB-625FBE52EBFB}</UniqueIdentifier>
      <Extensions>h;hh;hpp;hxx;hm;inl;inc;xsd</Extensions>
    </Filter>
    <Filter Include="资源文件">
      <UniqueIdentifier>{67DA6AB6-F800-4c08-8B7A-83BB121AAD01}</UniqueIdentifier>
      <Extensions>rc;ico;cur;bmp;dlg;rc2;rct;bin;rgs;gif;jpg;jpeg;jpe;resx;tiff;tif;png;wav;mfcribbon-ms</Extensions>
    </Filter>
    <Filter Include="头文件\encrypt">
      <UniqueIdentifier>{8a406888-4a18-4ba8-9728-05c5204d91c3}</UniqueIdentifier>
    </Filter>
    <Filter Include="头文件\file">
      <UniqueIdentifier>{d9dae36d-402d-475b-bfb9-726cffe43a5e}</UniqueIdentifier>
    </Filter>
    <Filter Include="头文件\memory">
      <UniqueIdentifier>{7fc5583f-022b-423c-bc50-d70059e77626}</UniqueIdentifier>
    </Filter>
    <Filter Include="头文件\thread">
      <UniqueIdentifier>{f911b48e-9964-4e25-bce7-570ca5c49433}</UniqueIdentifier>
    </Filter>
    <Filter Include="源文件\encrypt">
      <UniqueIdentifier>{910b6bdc-1ae1-489a-9ff3-28926c598a59}</UniqueIdentifier>
    </Filter>
    <Filter Include="源文件\file">
      <UniqueIdentifier>{9b13f823-1b95-4e32-89db-d8072d58c7da}</UniqueIdentifier>
    </Filter>
    <Filter Include="源文件\memory">
      <UniqueIdentifier>{1b292fe2-8896-4e76-b031-3aac1a14957e}</UniqueIdentifier>
    </Filter>
    <Filter Include="源文件\thread">
      <UniqueIdentifier>{abc6938d-b81a-4d07-9773-ccb04ee3167f}</UniqueIdentifier>
    </Filter>
    <Filter Include="源文件\win32">
      <UniqueIdentifier>{678b6dca-4305-433e-b670-33f2a336f0a5}</UniqueIdentifier>
    </Filter>
  </ItemGroup>
  <ItemGroup>
    <ClInclude Include="..\..\..\inc\BSLib\utility\atomic.h">
      <Filter>头文件</Filter>
    </ClInclude>
    <ClInclude Include="..\..\..\inc\BSLib\utility\baseDef.h">
      <Filter>头文件</Filter>
    </ClInclude>
    <ClInclude Include="..\..\..\inc\BSLib\utility\baseInc.h">
      <Filter>头文件</Filter>
    </ClInclude>
    <ClInclude Include="..\..\..\inc\BSLib\utility\buffer.h">
      <Filter>头文件</Filter>
    </ClInclude>
    <ClInclude Include="..\..\..\inc\BSLib\utility\cmdExecMgr.h">
      <Filter>头文件</Filter>
    </ClInclude>
    <ClInclude Include="..\..\..\inc\BSLib\utility\command.h">
      <Filter>头文件</Filter>
    </ClInclude>
    <ClInclude Include="..\..\..\inc\BSLib\utility\convert.h">
      <Filter>头文件</Filter>
    </ClInclude>
    <ClInclude Include="..\..\..\inc\BSLib\utility\dateTime.h">
      <Filter>头文件</Filter>
    </ClInclude>
    <ClInclude Include="..\..\..\inc\BSLib\utility\eventMgr.h">
      <Filter>头文件</Filter>
    </ClInclude>
    <ClInclude Include="..\..\..\inc\BSLib\utility\fileTracer.h">
      <Filter>头文件</Filter>
    </ClInclude>
    <ClInclude Include="..\..\..\inc\BSLib\utility\function.h">
      <Filter>头文件</Filter>
    </ClInclude>
    <ClInclude Include="..\..\..\inc\BSLib\utility\functionEvent.h">
      <Filter>头文件</Filter>
    </ClInclude>
    <ClInclude Include="..\..\..\inc\BSLib\utility\hashMap.h">
      <Filter>头文件</Filter>
    </ClInclude>
    <ClInclude Include="..\..\..\inc\BSLib\utility\noncopy.h">
      <Filter>头文件</Filter>
    </ClInclude>
    <ClInclude Include="..\..\..\inc\BSLib\utility\pointer.h">
      <Filter>头文件</Filter>
    </ClInclude>
    <ClInclude Include="..\..\..\inc\BSLib\utility\ptrQueue.h">
      <Filter>头文件</Filter>
    </ClInclude>
    <ClInclude Include="..\..\..\inc\BSLib\utility\random.h">
      <Filter>头文件</Filter>
    </ClInclude>
    <ClInclude Include="..\..\..\inc\BSLib\utility\singleton.h">
      <Filter>头文件</Filter>
    </ClInclude>
    <ClInclude Include="..\..\..\inc\BSLib\utility\stream.h">
      <Filter>头文件</Filter>
    </ClInclude>
    <ClInclude Include="..\..\..\inc\BSLib\utility\string.h">
      <Filter>头文件</Filter>
    </ClInclude>
    <ClInclude Include="..\..\..\inc\BSLib\utility\timer.h">
      <Filter>头文件</Filter>
    </ClInclude>
    <ClInclude Include="..\..\..\inc\BSLib\utility\timerServer.h">
      <Filter>头文件</Filter>
    </ClInclude>
    <ClInclude Include="..\..\..\inc\BSLib\utility\tracer.h">
      <Filter>头文件</Filter>
    </ClInclude>
    <ClInclude Include="..\..\..\inc\BSLib\utility\uniqueID.h">
      <Filter>头文件</Filter>
    </ClInclude>
    <ClInclude Include="..\..\..\inc\BSLib\utility\encrypt\encryDes.h">
      <Filter>头文件\encrypt</Filter>
    </ClInclude>
    <ClInclude Include="..\..\..\inc\BSLib\utility\file\dirInfo.h">
      <Filter>头文件\file</Filter>
    </ClInclude>
    <ClInclude Include="..\..\..\inc\BSLib\utility\file\fileInfo.h">
      <Filter>头文件\file</Filter>
    </ClInclude>
    <ClInclude Include="..\..\..\inc\BSLib\utility\file\iniFile.h">
      <Filter>头文件\file</Filter>
    </ClInclude>
    <ClInclude Include="..\..\..\inc\BSLib\utility\file\xmlFile.h">
      <Filter>头文件\file</Filter>
    </ClInclude>
    <ClInclude Include="..\..\..\inc\BSLib\utility\memory\allocator.h">
      <Filter>头文件\memory</Filter>
    </ClInclude>
    <ClInclude Include="..\..\..\inc\BSLib\utility\memory\memory.h">
      <Filter>头文件\memory</Filter>
    </ClInclude>
    <ClInclude Include="..\..\..\inc\BSLib\utility\memory\new.h">
      <Filter>头文件\memory</Filter>
    </ClInclude>
    <ClInclude Include="..\..\..\inc\BSLib\utility\memory\objectPool.h">
      <Filter>头文件\memory</Filter>
    </ClInclude>
    <ClInclude Include="..\..\..\inc\BSLib\utility\memory\shareMemory.h">
      <Filter>头文件\memory</Filter>
    </ClInclude>
    <ClInclude Include="..\..\..\inc\BSLib\utility\thread\event.h">
      <Filter>头文件\thread</Filter>
    </ClInclude>
    <ClInclude Include="..\..\..\inc\BSLib\utility\thread\mutex.h">
      <Filter>头文件\thread</Filter>
    </ClInclude>
    <ClInclude Include="..\..\..\inc\BSLib\utility\thread\thdMsgQueue.h">
      <Filter>头文件\thread</Filter>
    </ClInclude>
    <ClInclude Include="..\..\..\inc\BSLib\utility\thread\thread.h">
      <Filter>头文件\thread</Filter>
    </ClInclude>
    <ClInclude Include="..\..\..\inc\BSLib\utility\thread\threadData.h">
      <Filter>头文件\thread</Filter>
    </ClInclude>
    <ClInclude Include="..\..\..\src\BSLib\utility\encrypt\mycast.h">
      <Filter>源文件\encrypt</Filter>
    </ClInclude>
    <ClInclude Include="..\..\..\src\BSLib\utility\encrypt\mydes.h">
      <Filter>源文件\encrypt</Filter>
    </ClInclude>
    <ClInclude Include="..\..\..\src\BSLib\utility\encrypt\myidea.h">
      <Filter>源文件\encrypt</Filter>
    </ClInclude>
    <ClInclude Include="..\..\..\src\BSLib\utility\encrypt\myrc5.h">
      <Filter>源文件\encrypt</Filter>
    </ClInclude>
    <ClInclude Include="..\..\..\src\BSLib\utility\memory\memPage.h">
      <Filter>源文件\memory</Filter>
    </ClInclude>
    <ClInclude Include="..\..\..\src\BSLib\utility\memory\memPool.h">
      <Filter>源文件\memory</Filter>
    </ClInclude>
    <ClInclude Include="..\..\..\src\BSLib\utility\win32\ConsoleAdapter.h">
      <Filter>源文件\win32</Filter>
    </ClInclude>
  </ItemGroup>
  <ItemGroup>
    <ClCompile Include="..\..\..\src\BSLib\utility\atomic.cpp">
      <Filter>源文件</Filter>
    </ClCompile>
    <ClCompile Include="..\..\..\src\BSLib\utility\cmdExecMgr.cpp">
      <Filter>源文件</Filter>
    </ClCompile>
    <ClCompile Include="..\..\..\src\BSLib\utility\command.cpp">
      <Filter>源文件</Filter>
    </ClCompile>
    <ClCompile Include="..\..\..\src\BSLib\utility\convert.cpp">
      <Filter>源文件</Filter>
    </ClCompile>
    <ClCompile Include="..\..\..\src\BSLib\utility\dateTime.cpp">
      <Filter>源文件</Filter>
    </ClCompile>
    <ClCompile Include="..\..\..\src\BSLib\utility\eventMgr.cpp">
      <Filter>源文件</Filter>
    </ClCompile>
    <ClCompile Include="..\..\..\src\BSLib\utility\fileTracer.cpp">
      <Filter>源文件</Filter>
    </ClCompile>
    <ClCompile Include="..\..\..\src\BSLib\utility\random.cpp">
      <Filter>源文件</Filter>
    </ClCompile>
    <ClCompile Include="..\..\..\src\BSLib\utility\stream.cpp">
      <Filter>源文件</Filter>
    </ClCompile>
    <ClCompile Include="..\..\..\src\BSLib\utility\string.cpp">
      <Filter>源文件</Filter>
    </ClCompile>
    <ClCompile Include="..\..\..\src\BSLib\utility\timerServer.cpp">
      <Filter>源文件</Filter>
    </ClCompile>
    <ClCompile Include="..\..\..\src\BSLib\utility\tracer.cpp">
      <Filter>源文件</Filter>
    </ClCompile>
    <ClCompile Include="..\..\..\src\BSLib\utility\encrypt\encryDes.cpp">
      <Filter>源文件\encrypt</Filter>
    </ClCompile>
    <ClCompile Include="..\..\..\src\BSLib\utility\encrypt\mycast.cpp">
      <Filter>源文件\encrypt</Filter>
    </ClCompile>
    <ClCompile Include="..\..\..\src\BSLib\utility\encrypt\mydes.cpp">
      <Filter>源文件\encrypt</Filter>
    </ClCompile>
    <ClCompile Include="..\..\..\src\BSLib\utility\encrypt\myidea.cpp">
      <Filter>源文件\encrypt</Filter>
    </ClCompile>
    <ClCompile Include="..\..\..\src\BSLib\utility\encrypt\myrc5.cpp">
      <Filter>源文件\encrypt</Filter>
    </ClCompile>
    <ClCompile Include="..\..\..\src\BSLib\utility\file\dirInfo.cpp">
      <Filter>源文件\file</Filter>
    </ClCompile>
    <ClCompile Include="..\..\..\src\BSLib\utility\file\fileInfo.cpp">
      <Filter>源文件\file</Filter>
    </ClCompile>
    <ClCompile Include="..\..\..\src\BSLib\utility\file\iniFile.cpp">
      <Filter>源文件\file</Filter>
    </ClCompile>
    <ClCompile Include="..\..\..\src\BSLib\utility\file\xmlFile.cpp">
      <Filter>源文件\file</Filter>
    </ClCompile>
    <ClCompile Include="..\..\..\src\BSLib\utility\memory\memPage.cpp">
      <Filter>源文件\memory</Filter>
    </ClCompile>
    <ClCompile Include="..\..\..\src\BSLib\utility\memory\memPool.cpp">
      <Filter>源文件\memory</Filter>
    </ClCompile>
    <ClCompile Include="..\..\..\src\BSLib\utility\memory\objectPool.cpp">
      <Filter>源文件\memory</Filter>
    </ClCompile>
    <ClCompile Include="..\..\..\src\BSLib\utility\memory\shareMemory.cpp">
      <Filter>源文件\memory</Filter>
    </ClCompile>
    <ClCompile Include="..\..\..\src\BSLib\utility\thread\event.cpp">
      <Filter>源文件\thread</Filter>
    </ClCompile>
    <ClCompile Include="..\..\..\src\BSLib\utility\thread\mutex.cpp">
      <Filter>源文件\thread</Filter>
    </ClCompile>
    <ClCompile Include="..\..\..\src\BSLib\utility\thread\thdMsgQueue.cpp">
      <Filter>源文件\thread</Filter>
    </ClCompile>
    <ClCompile Include="..\..\..\src\BSLib\utility\thread\thread.cpp">
      <Filter>源文件\thread</Filter>
    </ClCompile>
    <ClCompile Include="..\..\..\src\BSLib\utility\thread\threadData.cpp">
      <Filter>源文件\thread</Filter>
    </ClCompile>
    <ClCompile Include="..\..\..\src\BSLib\utility\win32\ConsoleAdapter.cpp">
      <Filter>源文件\win32</Filter>
    </ClCompile>
  </ItemGroup>
</Project>